// !$*UTF8*$!
{
	archiveVersion = 1;
	classes = {
	};
	objectVersion = 46;
	objects = {

/* Begin PBXBuildFile section */
		270CC5241B2C06A200CA1A56 /* MusicNotationKit.h in Headers */ = {isa = PBXBuildFile; fileRef = 270CC5231B2C06A200CA1A56 /* MusicNotationKit.h */; settings = {ATTRIBUTES = (Public, ); }; };
		270CC52A1B2C06A200CA1A56 /* MusicNotationKit.framework in Frameworks */ = {isa = PBXBuildFile; fileRef = 270CC51E1B2C06A200CA1A56 /* MusicNotationKit.framework */; };
		270CC53E1B2C06B700CA1A56 /* Measure.swift in Sources */ = {isa = PBXBuildFile; fileRef = 270CC53A1B2C06B700CA1A56 /* Measure.swift */; };
		270CC53F1B2C06B700CA1A56 /* Note.swift in Sources */ = {isa = PBXBuildFile; fileRef = 270CC53B1B2C06B700CA1A56 /* Note.swift */; };
		270CC5401B2C06B700CA1A56 /* TimeSignature.swift in Sources */ = {isa = PBXBuildFile; fileRef = 270CC53C1B2C06B700CA1A56 /* TimeSignature.swift */; };
		270CC5411B2C06B700CA1A56 /* Types.swift in Sources */ = {isa = PBXBuildFile; fileRef = 270CC53D1B2C06B700CA1A56 /* Types.swift */; };
		270F46A31B2FE4D900FDF4FF /* NoteHolder.swift in Sources */ = {isa = PBXBuildFile; fileRef = 270F46A21B2FE4D900FDF4FF /* NoteHolder.swift */; };
		270F46A51B2FE76E00FDF4FF /* MeasureRepeat.swift in Sources */ = {isa = PBXBuildFile; fileRef = 270F46A41B2FE76E00FDF4FF /* MeasureRepeat.swift */; };
		270F46A71B2FE8B400FDF4FF /* Tuplet.swift in Sources */ = {isa = PBXBuildFile; fileRef = 270F46A61B2FE8B400FDF4FF /* Tuplet.swift */; };
		270F46AB1B2FEA3900FDF4FF /* Tone.swift in Sources */ = {isa = PBXBuildFile; fileRef = 270F46AA1B2FEA3900FDF4FF /* Tone.swift */; };
		270F46AD1B2FEC5500FDF4FF /* NoteCollection.swift in Sources */ = {isa = PBXBuildFile; fileRef = 270F46AC1B2FEC5500FDF4FF /* NoteCollection.swift */; };
		270F46AF1B2FF2A100FDF4FF /* NoteTests.swift in Sources */ = {isa = PBXBuildFile; fileRef = 270F46AE1B2FF2A100FDF4FF /* NoteTests.swift */; };
		270F46B11B353DF400FDF4FF /* TupletTests.swift in Sources */ = {isa = PBXBuildFile; fileRef = 270F46B01B353DF400FDF4FF /* TupletTests.swift */; };
		275A58D21B54BD8B0023D5EF /* MeasureTests.swift in Sources */ = {isa = PBXBuildFile; fileRef = 275A58D11B54BD8B0023D5EF /* MeasureTests.swift */; };
		278D19501B2EB4E7004ACE99 /* Staff.swift in Sources */ = {isa = PBXBuildFile; fileRef = 278D194F1B2EB4E7004ACE99 /* Staff.swift */; };
		27A0AA461B52351400635541 /* Key.swift in Sources */ = {isa = PBXBuildFile; fileRef = 27A0AA451B52351400635541 /* Key.swift */; };
		27A0AA4A1B524B6400635541 /* TestHelpers.swift in Sources */ = {isa = PBXBuildFile; fileRef = 27A0AA491B524B6400635541 /* TestHelpers.swift */; };
		27AA71131C8D1BD900E2BF22 /* ImmutableMeasure.swift in Sources */ = {isa = PBXBuildFile; fileRef = 27AA71121C8D1BD900E2BF22 /* ImmutableMeasure.swift */; };
		27AA71151C9140C400E2BF22 /* RepeatedMeasure.swift in Sources */ = {isa = PBXBuildFile; fileRef = 27AA71141C9140C400E2BF22 /* RepeatedMeasure.swift */; };
		27AA71171C9146FD00E2BF22 /* MeasureRepeatTests.swift in Sources */ = {isa = PBXBuildFile; fileRef = 27AA71161C9146FD00E2BF22 /* MeasureRepeatTests.swift */; };
		27AFEB571D6984CB0064ED27 /* NoteDuration.swift in Sources */ = {isa = PBXBuildFile; fileRef = 27AFEB561D6984CB0064ED27 /* NoteDuration.swift */; };
		27AFEB591D6A901F0064ED27 /* NoteDurationTests.swift in Sources */ = {isa = PBXBuildFile; fileRef = 27AFEB581D6A901F0064ED27 /* NoteDurationTests.swift */; };
		27B670511B9ACDCE00347C4C /* StaffTests.swift in Sources */ = {isa = PBXBuildFile; fileRef = 27B670501B9ACDCE00347C4C /* StaffTests.swift */; };
		27D03A5B1D56918F00FF2376 /* MeasureDurationValidator.swift in Sources */ = {isa = PBXBuildFile; fileRef = 27D03A5A1D56918F00FF2376 /* MeasureDurationValidator.swift */; };
		27D03A5D1D5691EE00FF2376 /* MeasureDurationValidatorTests.swift in Sources */ = {isa = PBXBuildFile; fileRef = 27D03A5C1D5691EE00FF2376 /* MeasureDurationValidatorTests.swift */; };
		E92BD6031D4FD0A500061BCD /* Interval.swift in Sources */ = {isa = PBXBuildFile; fileRef = E92BD6021D4FD0A500061BCD /* Interval.swift */; };
		E92BD6051D4FD0FF00061BCD /* IntervalTests.swift in Sources */ = {isa = PBXBuildFile; fileRef = E92BD6041D4FD0FF00061BCD /* IntervalTests.swift */; };
		E98D30AE1D4BFB7100C6DF5E /* ToneTests.swift in Sources */ = {isa = PBXBuildFile; fileRef = E98D30AD1D4BFB7100C6DF5E /* ToneTests.swift */; };
		E9D762E11D8C4ECC0005AAB6 /* Enharmonic.swift in Sources */ = {isa = PBXBuildFile; fileRef = E9D762E01D8C4ECC0005AAB6 /* Enharmonic.swift */; };
/* End PBXBuildFile section */

/* Begin PBXContainerItemProxy section */
		270CC52B1B2C06A200CA1A56 /* PBXContainerItemProxy */ = {
			isa = PBXContainerItemProxy;
			containerPortal = 270CC5151B2C06A200CA1A56 /* Project object */;
			proxyType = 1;
			remoteGlobalIDString = 270CC51D1B2C06A200CA1A56;
			remoteInfo = MusicNotationKit;
		};
/* End PBXContainerItemProxy section */

/* Begin PBXFileReference section */
		270CC51E1B2C06A200CA1A56 /* MusicNotationKit.framework */ = {isa = PBXFileReference; explicitFileType = wrapper.framework; includeInIndex = 0; path = MusicNotationKit.framework; sourceTree = BUILT_PRODUCTS_DIR; };
		270CC5221B2C06A200CA1A56 /* Info.plist */ = {isa = PBXFileReference; lastKnownFileType = text.plist.xml; path = Info.plist; sourceTree = "<group>"; };
		270CC5231B2C06A200CA1A56 /* MusicNotationKit.h */ = {isa = PBXFileReference; lastKnownFileType = sourcecode.c.h; path = MusicNotationKit.h; sourceTree = "<group>"; };
		270CC5291B2C06A200CA1A56 /* MusicNotationKitTests.xctest */ = {isa = PBXFileReference; explicitFileType = wrapper.cfbundle; includeInIndex = 0; path = MusicNotationKitTests.xctest; sourceTree = BUILT_PRODUCTS_DIR; };
		270CC52F1B2C06A200CA1A56 /* Info.plist */ = {isa = PBXFileReference; lastKnownFileType = text.plist.xml; path = Info.plist; sourceTree = "<group>"; };
		270CC53A1B2C06B700CA1A56 /* Measure.swift */ = {isa = PBXFileReference; fileEncoding = 4; lastKnownFileType = sourcecode.swift; path = Measure.swift; sourceTree = "<group>"; };
		270CC53B1B2C06B700CA1A56 /* Note.swift */ = {isa = PBXFileReference; fileEncoding = 4; lastKnownFileType = sourcecode.swift; path = Note.swift; sourceTree = "<group>"; };
		270CC53C1B2C06B700CA1A56 /* TimeSignature.swift */ = {isa = PBXFileReference; fileEncoding = 4; lastKnownFileType = sourcecode.swift; path = TimeSignature.swift; sourceTree = "<group>"; };
		270CC53D1B2C06B700CA1A56 /* Types.swift */ = {isa = PBXFileReference; fileEncoding = 4; lastKnownFileType = sourcecode.swift; path = Types.swift; sourceTree = "<group>"; };
		270F46A21B2FE4D900FDF4FF /* NoteHolder.swift */ = {isa = PBXFileReference; fileEncoding = 4; lastKnownFileType = sourcecode.swift; path = NoteHolder.swift; sourceTree = "<group>"; };
		270F46A41B2FE76E00FDF4FF /* MeasureRepeat.swift */ = {isa = PBXFileReference; fileEncoding = 4; lastKnownFileType = sourcecode.swift; path = MeasureRepeat.swift; sourceTree = "<group>"; };
		270F46A61B2FE8B400FDF4FF /* Tuplet.swift */ = {isa = PBXFileReference; fileEncoding = 4; lastKnownFileType = sourcecode.swift; path = Tuplet.swift; sourceTree = "<group>"; };
		270F46AA1B2FEA3900FDF4FF /* Tone.swift */ = {isa = PBXFileReference; fileEncoding = 4; lastKnownFileType = sourcecode.swift; path = Tone.swift; sourceTree = "<group>"; };
		270F46AC1B2FEC5500FDF4FF /* NoteCollection.swift */ = {isa = PBXFileReference; fileEncoding = 4; lastKnownFileType = sourcecode.swift; path = NoteCollection.swift; sourceTree = "<group>"; };
		270F46AE1B2FF2A100FDF4FF /* NoteTests.swift */ = {isa = PBXFileReference; fileEncoding = 4; lastKnownFileType = sourcecode.swift; path = NoteTests.swift; sourceTree = "<group>"; };
		270F46B01B353DF400FDF4FF /* TupletTests.swift */ = {isa = PBXFileReference; fileEncoding = 4; lastKnownFileType = sourcecode.swift; path = TupletTests.swift; sourceTree = "<group>"; };
		275A58D11B54BD8B0023D5EF /* MeasureTests.swift */ = {isa = PBXFileReference; fileEncoding = 4; lastKnownFileType = sourcecode.swift; path = MeasureTests.swift; sourceTree = "<group>"; };
		278D194F1B2EB4E7004ACE99 /* Staff.swift */ = {isa = PBXFileReference; fileEncoding = 4; lastKnownFileType = sourcecode.swift; path = Staff.swift; sourceTree = "<group>"; };
		2797ADC31D2CDF6600E2EFDF /* MusicNotation.playground */ = {isa = PBXFileReference; lastKnownFileType = file.playground; path = MusicNotation.playground; sourceTree = "<group>"; };
		27A0AA451B52351400635541 /* Key.swift */ = {isa = PBXFileReference; fileEncoding = 4; lastKnownFileType = sourcecode.swift; path = Key.swift; sourceTree = "<group>"; };
		27A0AA491B524B6400635541 /* TestHelpers.swift */ = {isa = PBXFileReference; fileEncoding = 4; lastKnownFileType = sourcecode.swift; path = TestHelpers.swift; sourceTree = "<group>"; };
		27AA71121C8D1BD900E2BF22 /* ImmutableMeasure.swift */ = {isa = PBXFileReference; fileEncoding = 4; lastKnownFileType = sourcecode.swift; path = ImmutableMeasure.swift; sourceTree = "<group>"; };
		27AA71141C9140C400E2BF22 /* RepeatedMeasure.swift */ = {isa = PBXFileReference; fileEncoding = 4; lastKnownFileType = sourcecode.swift; path = RepeatedMeasure.swift; sourceTree = "<group>"; };
		27AA71161C9146FD00E2BF22 /* MeasureRepeatTests.swift */ = {isa = PBXFileReference; fileEncoding = 4; lastKnownFileType = sourcecode.swift; path = MeasureRepeatTests.swift; sourceTree = "<group>"; };
		27AFEB561D6984CB0064ED27 /* NoteDuration.swift */ = {isa = PBXFileReference; fileEncoding = 4; lastKnownFileType = sourcecode.swift; path = NoteDuration.swift; sourceTree = "<group>"; };
		27AFEB581D6A901F0064ED27 /* NoteDurationTests.swift */ = {isa = PBXFileReference; fileEncoding = 4; lastKnownFileType = sourcecode.swift; path = NoteDurationTests.swift; sourceTree = "<group>"; };
		27B670501B9ACDCE00347C4C /* StaffTests.swift */ = {isa = PBXFileReference; fileEncoding = 4; lastKnownFileType = sourcecode.swift; path = StaffTests.swift; sourceTree = "<group>"; };
		27D03A5A1D56918F00FF2376 /* MeasureDurationValidator.swift */ = {isa = PBXFileReference; fileEncoding = 4; lastKnownFileType = sourcecode.swift; path = MeasureDurationValidator.swift; sourceTree = "<group>"; };
		27D03A5C1D5691EE00FF2376 /* MeasureDurationValidatorTests.swift */ = {isa = PBXFileReference; fileEncoding = 4; lastKnownFileType = sourcecode.swift; path = MeasureDurationValidatorTests.swift; sourceTree = "<group>"; };
		E92BD6021D4FD0A500061BCD /* Interval.swift */ = {isa = PBXFileReference; fileEncoding = 4; lastKnownFileType = sourcecode.swift; path = Interval.swift; sourceTree = "<group>"; };
		E92BD6041D4FD0FF00061BCD /* IntervalTests.swift */ = {isa = PBXFileReference; fileEncoding = 4; lastKnownFileType = sourcecode.swift; path = IntervalTests.swift; sourceTree = "<group>"; };
		E98D30AD1D4BFB7100C6DF5E /* ToneTests.swift */ = {isa = PBXFileReference; fileEncoding = 4; lastKnownFileType = sourcecode.swift; path = ToneTests.swift; sourceTree = "<group>"; };
		E9D762E01D8C4ECC0005AAB6 /* Enharmonic.swift */ = {isa = PBXFileReference; fileEncoding = 4; lastKnownFileType = sourcecode.swift; path = Enharmonic.swift; sourceTree = "<group>"; };
/* End PBXFileReference section */

/* Begin PBXFrameworksBuildPhase section */
		270CC51A1B2C06A200CA1A56 /* Frameworks */ = {
			isa = PBXFrameworksBuildPhase;
			buildActionMask = 2147483647;
			files = (
			);
			runOnlyForDeploymentPostprocessing = 0;
		};
		270CC5261B2C06A200CA1A56 /* Frameworks */ = {
			isa = PBXFrameworksBuildPhase;
			buildActionMask = 2147483647;
			files = (
				270CC52A1B2C06A200CA1A56 /* MusicNotationKit.framework in Frameworks */,
			);
			runOnlyForDeploymentPostprocessing = 0;
		};
/* End PBXFrameworksBuildPhase section */

/* Begin PBXGroup section */
		270CC5141B2C06A200CA1A56 = {
			isa = PBXGroup;
			children = (
				2797ADC31D2CDF6600E2EFDF /* MusicNotation.playground */,
				270CC5201B2C06A200CA1A56 /* MusicNotationKit */,
				270CC52D1B2C06A200CA1A56 /* MusicNotationKitTests */,
				270CC51F1B2C06A200CA1A56 /* Products */,
			);
			sourceTree = "<group>";
		};
		270CC51F1B2C06A200CA1A56 /* Products */ = {
			isa = PBXGroup;
			children = (
				270CC51E1B2C06A200CA1A56 /* MusicNotationKit.framework */,
				270CC5291B2C06A200CA1A56 /* MusicNotationKitTests.xctest */,
			);
			name = Products;
			sourceTree = "<group>";
		};
		270CC5201B2C06A200CA1A56 /* MusicNotationKit */ = {
			isa = PBXGroup;
			children = (
				270CC5231B2C06A200CA1A56 /* MusicNotationKit.h */,
				270CC53A1B2C06B700CA1A56 /* Measure.swift */,
				270CC53B1B2C06B700CA1A56 /* Note.swift */,
				E92BD6021D4FD0A500061BCD /* Interval.swift */,
				270CC53C1B2C06B700CA1A56 /* TimeSignature.swift */,
				270CC53D1B2C06B700CA1A56 /* Types.swift */,
				278D194F1B2EB4E7004ACE99 /* Staff.swift */,
				270F46A21B2FE4D900FDF4FF /* NoteHolder.swift */,
				270F46A41B2FE76E00FDF4FF /* MeasureRepeat.swift */,
				270F46A61B2FE8B400FDF4FF /* Tuplet.swift */,
				270F46AA1B2FEA3900FDF4FF /* Tone.swift */,
				270F46AC1B2FEC5500FDF4FF /* NoteCollection.swift */,
				27A0AA451B52351400635541 /* Key.swift */,
				27AA71121C8D1BD900E2BF22 /* ImmutableMeasure.swift */,
				27AA71141C9140C400E2BF22 /* RepeatedMeasure.swift */,
				27AFEB561D6984CB0064ED27 /* NoteDuration.swift */,
				E9D762E01D8C4ECC0005AAB6 /* Enharmonic.swift */,
				27D03A5A1D56918F00FF2376 /* MeasureDurationValidator.swift */,
				270CC5211B2C06A200CA1A56 /* Supporting Files */,
			);
			path = MusicNotationKit;
			sourceTree = "<group>";
		};
		270CC5211B2C06A200CA1A56 /* Supporting Files */ = {
			isa = PBXGroup;
			children = (
				270CC5221B2C06A200CA1A56 /* Info.plist */,
			);
			name = "Supporting Files";
			sourceTree = "<group>";
		};
		270CC52D1B2C06A200CA1A56 /* MusicNotationKitTests */ = {
			isa = PBXGroup;
			children = (
				270F46AE1B2FF2A100FDF4FF /* NoteTests.swift */,
				275A58D11B54BD8B0023D5EF /* MeasureTests.swift */,
				27B670501B9ACDCE00347C4C /* StaffTests.swift */,
				27AA71161C9146FD00E2BF22 /* MeasureRepeatTests.swift */,
				E98D30AD1D4BFB7100C6DF5E /* ToneTests.swift */,
				E92BD6041D4FD0FF00061BCD /* IntervalTests.swift */,
				27AFEB581D6A901F0064ED27 /* NoteDurationTests.swift */,
				270F46B01B353DF400FDF4FF /* TupletTests.swift */,
				27A0AA491B524B6400635541 /* TestHelpers.swift */,
				27D03A5C1D5691EE00FF2376 /* MeasureDurationValidatorTests.swift */,
				270CC52E1B2C06A200CA1A56 /* Supporting Files */,
			);
			path = MusicNotationKitTests;
			sourceTree = "<group>";
		};
		270CC52E1B2C06A200CA1A56 /* Supporting Files */ = {
			isa = PBXGroup;
			children = (
				270CC52F1B2C06A200CA1A56 /* Info.plist */,
			);
			name = "Supporting Files";
			sourceTree = "<group>";
		};
/* End PBXGroup section */

/* Begin PBXHeadersBuildPhase section */
		270CC51B1B2C06A200CA1A56 /* Headers */ = {
			isa = PBXHeadersBuildPhase;
			buildActionMask = 2147483647;
			files = (
				270CC5241B2C06A200CA1A56 /* MusicNotationKit.h in Headers */,
			);
			runOnlyForDeploymentPostprocessing = 0;
		};
/* End PBXHeadersBuildPhase section */

/* Begin PBXNativeTarget section */
		270CC51D1B2C06A200CA1A56 /* MusicNotationKit */ = {
			isa = PBXNativeTarget;
			buildConfigurationList = 270CC5341B2C06A200CA1A56 /* Build configuration list for PBXNativeTarget "MusicNotationKit" */;
			buildPhases = (
				270CC5191B2C06A200CA1A56 /* Sources */,
				270CC51A1B2C06A200CA1A56 /* Frameworks */,
				270CC51B1B2C06A200CA1A56 /* Headers */,
				270CC51C1B2C06A200CA1A56 /* Resources */,
			);
			buildRules = (
			);
			dependencies = (
			);
			name = MusicNotationKit;
			productName = MusicNotationKit;
			productReference = 270CC51E1B2C06A200CA1A56 /* MusicNotationKit.framework */;
			productType = "com.apple.product-type.framework";
		};
		270CC5281B2C06A200CA1A56 /* MusicNotationKitTests */ = {
			isa = PBXNativeTarget;
			buildConfigurationList = 270CC5371B2C06A200CA1A56 /* Build configuration list for PBXNativeTarget "MusicNotationKitTests" */;
			buildPhases = (
				270CC5251B2C06A200CA1A56 /* Sources */,
				270CC5261B2C06A200CA1A56 /* Frameworks */,
				270CC5271B2C06A200CA1A56 /* Resources */,
			);
			buildRules = (
			);
			dependencies = (
				270CC52C1B2C06A200CA1A56 /* PBXTargetDependency */,
			);
			name = MusicNotationKitTests;
			productName = MusicNotationKitTests;
			productReference = 270CC5291B2C06A200CA1A56 /* MusicNotationKitTests.xctest */;
			productType = "com.apple.product-type.bundle.unit-test";
		};
/* End PBXNativeTarget section */

/* Begin PBXProject section */
		270CC5151B2C06A200CA1A56 /* Project object */ = {
			isa = PBXProject;
			attributes = {
				LastSwiftUpdateCheck = 0700;
				LastUpgradeCheck = 0800;
				ORGANIZATIONNAME = "Kyle Sherman";
				TargetAttributes = {
					270CC51D1B2C06A200CA1A56 = {
						CreatedOnToolsVersion = 6.3.2;
						LastSwiftMigration = 0800;
					};
					270CC5281B2C06A200CA1A56 = {
						CreatedOnToolsVersion = 6.3.2;
						LastSwiftMigration = 0800;
					};
				};
			};
			buildConfigurationList = 270CC5181B2C06A200CA1A56 /* Build configuration list for PBXProject "MusicNotationKit" */;
			compatibilityVersion = "Xcode 3.2";
			developmentRegion = English;
			hasScannedForEncodings = 0;
			knownRegions = (
				en,
			);
			mainGroup = 270CC5141B2C06A200CA1A56;
			productRefGroup = 270CC51F1B2C06A200CA1A56 /* Products */;
			projectDirPath = "";
			projectRoot = "";
			targets = (
				270CC51D1B2C06A200CA1A56 /* MusicNotationKit */,
				270CC5281B2C06A200CA1A56 /* MusicNotationKitTests */,
			);
		};
/* End PBXProject section */

/* Begin PBXResourcesBuildPhase section */
		270CC51C1B2C06A200CA1A56 /* Resources */ = {
			isa = PBXResourcesBuildPhase;
			buildActionMask = 2147483647;
			files = (
			);
			runOnlyForDeploymentPostprocessing = 0;
		};
		270CC5271B2C06A200CA1A56 /* Resources */ = {
			isa = PBXResourcesBuildPhase;
			buildActionMask = 2147483647;
			files = (
			);
			runOnlyForDeploymentPostprocessing = 0;
		};
/* End PBXResourcesBuildPhase section */

/* Begin PBXSourcesBuildPhase section */
		270CC5191B2C06A200CA1A56 /* Sources */ = {
			isa = PBXSourcesBuildPhase;
			buildActionMask = 2147483647;
			files = (
				278D19501B2EB4E7004ACE99 /* Staff.swift in Sources */,
				270F46A51B2FE76E00FDF4FF /* MeasureRepeat.swift in Sources */,
				270CC53E1B2C06B700CA1A56 /* Measure.swift in Sources */,
				270F46AB1B2FEA3900FDF4FF /* Tone.swift in Sources */,
				270CC5401B2C06B700CA1A56 /* TimeSignature.swift in Sources */,
				27A0AA461B52351400635541 /* Key.swift in Sources */,
				270CC53F1B2C06B700CA1A56 /* Note.swift in Sources */,
				27AA71151C9140C400E2BF22 /* RepeatedMeasure.swift in Sources */,
				27AA71131C8D1BD900E2BF22 /* ImmutableMeasure.swift in Sources */,
				270CC5411B2C06B700CA1A56 /* Types.swift in Sources */,
				270F46A71B2FE8B400FDF4FF /* Tuplet.swift in Sources */,
				270F46AD1B2FEC5500FDF4FF /* NoteCollection.swift in Sources */,
				27D03A5B1D56918F00FF2376 /* MeasureDurationValidator.swift in Sources */,
				E92BD6031D4FD0A500061BCD /* Interval.swift in Sources */,
				270F46A31B2FE4D900FDF4FF /* NoteHolder.swift in Sources */,
				27AFEB571D6984CB0064ED27 /* NoteDuration.swift in Sources */,
				E9D762E11D8C4ECC0005AAB6 /* Enharmonic.swift in Sources */,
			);
			runOnlyForDeploymentPostprocessing = 0;
		};
		270CC5251B2C06A200CA1A56 /* Sources */ = {
			isa = PBXSourcesBuildPhase;
			buildActionMask = 2147483647;
			files = (
				275A58D21B54BD8B0023D5EF /* MeasureTests.swift in Sources */,
				27AA71171C9146FD00E2BF22 /* MeasureRepeatTests.swift in Sources */,
				E92BD6051D4FD0FF00061BCD /* IntervalTests.swift in Sources */,
				27D03A5D1D5691EE00FF2376 /* MeasureDurationValidatorTests.swift in Sources */,
				27B670511B9ACDCE00347C4C /* StaffTests.swift in Sources */,
				E98D30AE1D4BFB7100C6DF5E /* ToneTests.swift in Sources */,
				27A0AA4A1B524B6400635541 /* TestHelpers.swift in Sources */,
				270F46B11B353DF400FDF4FF /* TupletTests.swift in Sources */,
				270F46AF1B2FF2A100FDF4FF /* NoteTests.swift in Sources */,
				27AFEB591D6A901F0064ED27 /* NoteDurationTests.swift in Sources */,
			);
			runOnlyForDeploymentPostprocessing = 0;
		};
/* End PBXSourcesBuildPhase section */

/* Begin PBXTargetDependency section */
		270CC52C1B2C06A200CA1A56 /* PBXTargetDependency */ = {
			isa = PBXTargetDependency;
			target = 270CC51D1B2C06A200CA1A56 /* MusicNotationKit */;
			targetProxy = 270CC52B1B2C06A200CA1A56 /* PBXContainerItemProxy */;
		};
/* End PBXTargetDependency section */

/* Begin XCBuildConfiguration section */
		270CC5321B2C06A200CA1A56 /* Debug */ = {
			isa = XCBuildConfiguration;
			buildSettings = {
				ALWAYS_SEARCH_USER_PATHS = NO;
				CLANG_CXX_LANGUAGE_STANDARD = "gnu++0x";
				CLANG_CXX_LIBRARY = "libc++";
				CLANG_ENABLE_MODULES = YES;
				CLANG_ENABLE_OBJC_ARC = YES;
				CLANG_WARN_BOOL_CONVERSION = YES;
				CLANG_WARN_CONSTANT_CONVERSION = YES;
				CLANG_WARN_DIRECT_OBJC_ISA_USAGE = YES_ERROR;
				CLANG_WARN_EMPTY_BODY = YES;
				CLANG_WARN_ENUM_CONVERSION = YES;
				CLANG_WARN_INT_CONVERSION = YES;
				CLANG_WARN_OBJC_ROOT_CLASS = YES_ERROR;
				CLANG_WARN_UNREACHABLE_CODE = YES;
				CLANG_WARN__DUPLICATE_METHOD_MATCH = YES;
				COPY_PHASE_STRIP = NO;
				CURRENT_PROJECT_VERSION = 1;
				DEBUG_INFORMATION_FORMAT = dwarf;
				ENABLE_STRICT_OBJC_MSGSEND = YES;
				ENABLE_TESTABILITY = YES;
				GCC_C_LANGUAGE_STANDARD = gnu99;
				GCC_DYNAMIC_NO_PIC = NO;
				GCC_NO_COMMON_BLOCKS = YES;
				GCC_OPTIMIZATION_LEVEL = 0;
				GCC_PREPROCESSOR_DEFINITIONS = (
					"DEBUG=1",
					"$(inherited)",
				);
				GCC_SYMBOLS_PRIVATE_EXTERN = NO;
				GCC_WARN_64_TO_32_BIT_CONVERSION = YES;
				GCC_WARN_ABOUT_RETURN_TYPE = YES_ERROR;
				GCC_WARN_UNDECLARED_SELECTOR = YES;
				GCC_WARN_UNINITIALIZED_AUTOS = YES_AGGRESSIVE;
				GCC_WARN_UNUSED_FUNCTION = YES;
				GCC_WARN_UNUSED_VARIABLE = YES;
				MACOSX_DEPLOYMENT_TARGET = 10.10;
				MTL_ENABLE_DEBUG_INFO = YES;
				ONLY_ACTIVE_ARCH = YES;
				SDKROOT = macosx;
				SUPPORTED_PLATFORMS = "macosx iphoneos iphonesimulator";
				SWIFT_OPTIMIZATION_LEVEL = "-Onone";
				VALID_ARCHS = "arm64 armv7 armv7s i386 x86_64";
				VERSIONING_SYSTEM = "apple-generic";
				VERSION_INFO_PREFIX = "";
			};
			name = Debug;
		};
		270CC5331B2C06A200CA1A56 /* Release */ = {
			isa = XCBuildConfiguration;
			buildSettings = {
				ALWAYS_SEARCH_USER_PATHS = NO;
				CLANG_CXX_LANGUAGE_STANDARD = "gnu++0x";
				CLANG_CXX_LIBRARY = "libc++";
				CLANG_ENABLE_MODULES = YES;
				CLANG_ENABLE_OBJC_ARC = YES;
				CLANG_WARN_BOOL_CONVERSION = YES;
				CLANG_WARN_CONSTANT_CONVERSION = YES;
				CLANG_WARN_DIRECT_OBJC_ISA_USAGE = YES_ERROR;
				CLANG_WARN_EMPTY_BODY = YES;
				CLANG_WARN_ENUM_CONVERSION = YES;
				CLANG_WARN_INT_CONVERSION = YES;
				CLANG_WARN_OBJC_ROOT_CLASS = YES_ERROR;
				CLANG_WARN_UNREACHABLE_CODE = YES;
				CLANG_WARN__DUPLICATE_METHOD_MATCH = YES;
				COPY_PHASE_STRIP = NO;
				CURRENT_PROJECT_VERSION = 1;
				DEBUG_INFORMATION_FORMAT = "dwarf-with-dsym";
				ENABLE_NS_ASSERTIONS = NO;
				ENABLE_STRICT_OBJC_MSGSEND = YES;
				GCC_C_LANGUAGE_STANDARD = gnu99;
				GCC_NO_COMMON_BLOCKS = YES;
				GCC_WARN_64_TO_32_BIT_CONVERSION = YES;
				GCC_WARN_ABOUT_RETURN_TYPE = YES_ERROR;
				GCC_WARN_UNDECLARED_SELECTOR = YES;
				GCC_WARN_UNINITIALIZED_AUTOS = YES_AGGRESSIVE;
				GCC_WARN_UNUSED_FUNCTION = YES;
				GCC_WARN_UNUSED_VARIABLE = YES;
				MACOSX_DEPLOYMENT_TARGET = 10.10;
				MTL_ENABLE_DEBUG_INFO = NO;
				SDKROOT = macosx;
				SUPPORTED_PLATFORMS = "macosx iphoneos iphonesimulator";
				VALID_ARCHS = "arm64 armv7 armv7s i386 x86_64";
				VERSIONING_SYSTEM = "apple-generic";
				VERSION_INFO_PREFIX = "";
			};
			name = Release;
		};
		270CC5351B2C06A200CA1A56 /* Debug */ = {
			isa = XCBuildConfiguration;
			buildSettings = {
				COMBINE_HIDPI_IMAGES = YES;
				DEFINES_MODULE = YES;
				DYLIB_COMPATIBILITY_VERSION = 1;
				DYLIB_CURRENT_VERSION = 1;
				DYLIB_INSTALL_NAME_BASE = "@rpath";
				FRAMEWORK_VERSION = A;
				INFOPLIST_FILE = MusicNotationKit/Info.plist;
				LD_RUNPATH_SEARCH_PATHS = "$(inherited) @executable_path/Frameworks @loader_path/Frameworks @executable_path/../Frameworks @loader_path/../Frameworks";
				PRODUCT_BUNDLE_IDENTIFIER = "com.kyledsherman.$(PRODUCT_NAME:rfc1034identifier)";
				PRODUCT_NAME = "$(TARGET_NAME)";
				SKIP_INSTALL = YES;
				SUPPORTED_PLATFORMS = "macosx iphoneos iphonesimulator";
				SWIFT_VERSION = 3.0;
				VALID_ARCHS = "arm64 armv7 armv7s i386 x86_64";
			};
			name = Debug;
		};
		270CC5361B2C06A200CA1A56 /* Release */ = {
			isa = XCBuildConfiguration;
			buildSettings = {
				COMBINE_HIDPI_IMAGES = YES;
				DEFINES_MODULE = YES;
				DYLIB_COMPATIBILITY_VERSION = 1;
				DYLIB_CURRENT_VERSION = 1;
				DYLIB_INSTALL_NAME_BASE = "@rpath";
				FRAMEWORK_VERSION = A;
				INFOPLIST_FILE = MusicNotationKit/Info.plist;
				LD_RUNPATH_SEARCH_PATHS = "$(inherited) @executable_path/Frameworks @loader_path/Frameworks @executable_path/../Frameworks @loader_path/../Frameworks";
				PRODUCT_BUNDLE_IDENTIFIER = "com.kyledsherman.$(PRODUCT_NAME:rfc1034identifier)";
				PRODUCT_NAME = "$(TARGET_NAME)";
				SKIP_INSTALL = YES;
				SUPPORTED_PLATFORMS = "macosx iphoneos iphonesimulator";
				SWIFT_OPTIMIZATION_LEVEL = "-Owholemodule";
				SWIFT_VERSION = 3.0;
				VALID_ARCHS = "arm64 armv7 armv7s i386 x86_64";
			};
			name = Release;
		};
		270CC5381B2C06A200CA1A56 /* Debug */ = {
			isa = XCBuildConfiguration;
			buildSettings = {
				COMBINE_HIDPI_IMAGES = YES;
				FRAMEWORK_SEARCH_PATHS = (
					"$(DEVELOPER_FRAMEWORKS_DIR)",
					"$(inherited)",
				);
				GCC_PREPROCESSOR_DEFINITIONS = (
					"DEBUG=1",
					"$(inherited)",
				);
				INFOPLIST_FILE = MusicNotationKitTests/Info.plist;
				LD_RUNPATH_SEARCH_PATHS = "$(inherited) @executable_path/Fameworks @loader_path/Frameworks @executable_path/../Frameworks @loader_path/../Frameworks";
				PRODUCT_BUNDLE_IDENTIFIER = "com.kyledsherman.$(PRODUCT_NAME:rfc1034identifier)";
				PRODUCT_NAME = "$(TARGET_NAME)";
				SUPPORTED_PLATFORMS = "macosx iphoneos iphonesimulator";
				SWIFT_VERSION = 3.0;
				VALID_ARCHS = "arm64 armv7 armv7s i386 x86_64";
			};
			name = Debug;
		};
		270CC5391B2C06A200CA1A56 /* Release */ = {
			isa = XCBuildConfiguration;
			buildSettings = {
				COMBINE_HIDPI_IMAGES = YES;
				FRAMEWORK_SEARCH_PATHS = (
					"$(DEVELOPER_FRAMEWORKS_DIR)",
					"$(inherited)",
				);
				INFOPLIST_FILE = MusicNotationKitTests/Info.plist;
				LD_RUNPATH_SEARCH_PATHS = "$(inherited) @executable_path/Fameworks @loader_path/Frameworks @executable_path/../Frameworks @loader_path/../Frameworks";
				PRODUCT_BUNDLE_IDENTIFIER = "com.kyledsherman.$(PRODUCT_NAME:rfc1034identifier)";
				PRODUCT_NAME = "$(TARGET_NAME)";
				SUPPORTED_PLATFORMS = "macosx iphoneos iphonesimulator";
				SWIFT_OPTIMIZATION_LEVEL = "-Owholemodule";
				SWIFT_VERSION = 3.0;
				VALID_ARCHS = "arm64 armv7 armv7s i386 x86_64";
			};
			name = Release;
		};
/* End XCBuildConfiguration section */

/* Begin XCConfigurationList section */
		270CC5181B2C06A200CA1A56 /* Build configuration list for PBXProject "MusicNotationKit" */ = {
			isa = XCConfigurationList;
			buildConfigurations = (
				270CC5321B2C06A200CA1A56 /* Debug */,
				270CC5331B2C06A200CA1A56 /* Release */,
			);
			defaultConfigurationIsVisible = 0;
			defaultConfigurationName = Release;
		};
		270CC5341B2C06A200CA1A56 /* Build configuration list for PBXNativeTarget "MusicNotationKit" */ = {
			isa = XCConfigurationList;
			buildConfigurations = (
				270CC5351B2C06A200CA1A56 /* Debug */,
				270CC5361B2C06A200CA1A56 /* Release */,
			);
			defaultConfigurationIsVisible = 0;
			defaultConfigurationName = Release;
		};
		270CC5371B2C06A200CA1A56 /* Build configuration list for PBXNativeTarget "MusicNotationKitTests" */ = {
			isa = XCConfigurationList;
			buildConfigurations = (
				270CC5381B2C06A200CA1A56 /* Debug */,
				270CC5391B2C06A200CA1A56 /* Release */,
			);
			defaultConfigurationIsVisible = 0;
			defaultConfigurationName = Release;
		};
/* End XCConfigurationList section */
	};
	rootObject = 270CC5151B2C06A200CA1A56 /* Project object */;
}
