// !$*UTF8*$!
{
	archiveVersion = 1;
	classes = {
	};
	objectVersion = 52;
	objects = {

/* Begin PBXBuildFile section */
		27CE86B91E750534007AD729 /* MusicNotationCoreMac.h in Headers */ = {isa = PBXBuildFile; fileRef = 27CE86AB1E750534007AD729 /* MusicNotationCoreMac.h */; settings = {ATTRIBUTES = (Public, ); }; };
		27CE86C91E75054E007AD729 /* MusicNotationCoreTV.h in Headers */ = {isa = PBXBuildFile; fileRef = 27CE86C71E75054E007AD729 /* MusicNotationCoreTV.h */; settings = {ATTRIBUTES = (Public, ); }; };
		27CE86D61E75055D007AD729 /* MusicNotationCoreWatch.h in Headers */ = {isa = PBXBuildFile; fileRef = 27CE86D41E75055D007AD729 /* MusicNotationCoreWatch.h */; settings = {ATTRIBUTES = (Public, ); }; };
		27CE86E31E75056F007AD729 /* MusicNotationCoreiOS.h in Headers */ = {isa = PBXBuildFile; fileRef = 27CE86E11E75056F007AD729 /* MusicNotationCoreiOS.h */; settings = {ATTRIBUTES = (Public, ); }; };
		27CE86FB1E750599007AD729 /* Clef.swift in Sources */ = {isa = PBXBuildFile; fileRef = 27CE86E71E750599007AD729 /* Clef.swift */; };
		27CE86FC1E750599007AD729 /* Clef.swift in Sources */ = {isa = PBXBuildFile; fileRef = 27CE86E71E750599007AD729 /* Clef.swift */; };
		27CE86FD1E750599007AD729 /* Clef.swift in Sources */ = {isa = PBXBuildFile; fileRef = 27CE86E71E750599007AD729 /* Clef.swift */; };
		27CE86FE1E750599007AD729 /* Clef.swift in Sources */ = {isa = PBXBuildFile; fileRef = 27CE86E71E750599007AD729 /* Clef.swift */; };
		27CE86FF1E750599007AD729 /* Enharmonic.swift in Sources */ = {isa = PBXBuildFile; fileRef = 27CE86E81E750599007AD729 /* Enharmonic.swift */; };
		27CE87001E750599007AD729 /* Enharmonic.swift in Sources */ = {isa = PBXBuildFile; fileRef = 27CE86E81E750599007AD729 /* Enharmonic.swift */; };
		27CE87011E750599007AD729 /* Enharmonic.swift in Sources */ = {isa = PBXBuildFile; fileRef = 27CE86E81E750599007AD729 /* Enharmonic.swift */; };
		27CE87021E750599007AD729 /* Enharmonic.swift in Sources */ = {isa = PBXBuildFile; fileRef = 27CE86E81E750599007AD729 /* Enharmonic.swift */; };
		27CE87031E750599007AD729 /* ImmutableMeasure.swift in Sources */ = {isa = PBXBuildFile; fileRef = 27CE86E91E750599007AD729 /* ImmutableMeasure.swift */; };
		27CE87041E750599007AD729 /* ImmutableMeasure.swift in Sources */ = {isa = PBXBuildFile; fileRef = 27CE86E91E750599007AD729 /* ImmutableMeasure.swift */; };
		27CE87051E750599007AD729 /* ImmutableMeasure.swift in Sources */ = {isa = PBXBuildFile; fileRef = 27CE86E91E750599007AD729 /* ImmutableMeasure.swift */; };
		27CE87061E750599007AD729 /* ImmutableMeasure.swift in Sources */ = {isa = PBXBuildFile; fileRef = 27CE86E91E750599007AD729 /* ImmutableMeasure.swift */; };
		27CE87071E750599007AD729 /* Interval.swift in Sources */ = {isa = PBXBuildFile; fileRef = 27CE86EA1E750599007AD729 /* Interval.swift */; };
		27CE87081E750599007AD729 /* Interval.swift in Sources */ = {isa = PBXBuildFile; fileRef = 27CE86EA1E750599007AD729 /* Interval.swift */; };
		27CE87091E750599007AD729 /* Interval.swift in Sources */ = {isa = PBXBuildFile; fileRef = 27CE86EA1E750599007AD729 /* Interval.swift */; };
		27CE870A1E750599007AD729 /* Interval.swift in Sources */ = {isa = PBXBuildFile; fileRef = 27CE86EA1E750599007AD729 /* Interval.swift */; };
		27CE870B1E750599007AD729 /* Key.swift in Sources */ = {isa = PBXBuildFile; fileRef = 27CE86EB1E750599007AD729 /* Key.swift */; };
		27CE870C1E750599007AD729 /* Key.swift in Sources */ = {isa = PBXBuildFile; fileRef = 27CE86EB1E750599007AD729 /* Key.swift */; };
		27CE870D1E750599007AD729 /* Key.swift in Sources */ = {isa = PBXBuildFile; fileRef = 27CE86EB1E750599007AD729 /* Key.swift */; };
		27CE870E1E750599007AD729 /* Key.swift in Sources */ = {isa = PBXBuildFile; fileRef = 27CE86EB1E750599007AD729 /* Key.swift */; };
		27CE870F1E750599007AD729 /* Measure.swift in Sources */ = {isa = PBXBuildFile; fileRef = 27CE86EC1E750599007AD729 /* Measure.swift */; };
		27CE87101E750599007AD729 /* Measure.swift in Sources */ = {isa = PBXBuildFile; fileRef = 27CE86EC1E750599007AD729 /* Measure.swift */; };
		27CE87111E750599007AD729 /* Measure.swift in Sources */ = {isa = PBXBuildFile; fileRef = 27CE86EC1E750599007AD729 /* Measure.swift */; };
		27CE87121E750599007AD729 /* Measure.swift in Sources */ = {isa = PBXBuildFile; fileRef = 27CE86EC1E750599007AD729 /* Measure.swift */; };
		27CE87131E750599007AD729 /* MeasureDurationValidator.swift in Sources */ = {isa = PBXBuildFile; fileRef = 27CE86ED1E750599007AD729 /* MeasureDurationValidator.swift */; };
		27CE87141E750599007AD729 /* MeasureDurationValidator.swift in Sources */ = {isa = PBXBuildFile; fileRef = 27CE86ED1E750599007AD729 /* MeasureDurationValidator.swift */; };
		27CE87151E750599007AD729 /* MeasureDurationValidator.swift in Sources */ = {isa = PBXBuildFile; fileRef = 27CE86ED1E750599007AD729 /* MeasureDurationValidator.swift */; };
		27CE87161E750599007AD729 /* MeasureDurationValidator.swift in Sources */ = {isa = PBXBuildFile; fileRef = 27CE86ED1E750599007AD729 /* MeasureDurationValidator.swift */; };
		27CE87171E750599007AD729 /* MeasureRepeat.swift in Sources */ = {isa = PBXBuildFile; fileRef = 27CE86EE1E750599007AD729 /* MeasureRepeat.swift */; };
		27CE87181E750599007AD729 /* MeasureRepeat.swift in Sources */ = {isa = PBXBuildFile; fileRef = 27CE86EE1E750599007AD729 /* MeasureRepeat.swift */; };
		27CE87191E750599007AD729 /* MeasureRepeat.swift in Sources */ = {isa = PBXBuildFile; fileRef = 27CE86EE1E750599007AD729 /* MeasureRepeat.swift */; };
		27CE871A1E750599007AD729 /* MeasureRepeat.swift in Sources */ = {isa = PBXBuildFile; fileRef = 27CE86EE1E750599007AD729 /* MeasureRepeat.swift */; };
		27CE871B1E750599007AD729 /* Note.swift in Sources */ = {isa = PBXBuildFile; fileRef = 27CE86EF1E750599007AD729 /* Note.swift */; };
		27CE871C1E750599007AD729 /* Note.swift in Sources */ = {isa = PBXBuildFile; fileRef = 27CE86EF1E750599007AD729 /* Note.swift */; };
		27CE871D1E750599007AD729 /* Note.swift in Sources */ = {isa = PBXBuildFile; fileRef = 27CE86EF1E750599007AD729 /* Note.swift */; };
		27CE871E1E750599007AD729 /* Note.swift in Sources */ = {isa = PBXBuildFile; fileRef = 27CE86EF1E750599007AD729 /* Note.swift */; };
		27CE871F1E750599007AD729 /* NoteCollection.swift in Sources */ = {isa = PBXBuildFile; fileRef = 27CE86F01E750599007AD729 /* NoteCollection.swift */; };
		27CE87201E750599007AD729 /* NoteCollection.swift in Sources */ = {isa = PBXBuildFile; fileRef = 27CE86F01E750599007AD729 /* NoteCollection.swift */; };
		27CE87211E750599007AD729 /* NoteCollection.swift in Sources */ = {isa = PBXBuildFile; fileRef = 27CE86F01E750599007AD729 /* NoteCollection.swift */; };
		27CE87221E750599007AD729 /* NoteCollection.swift in Sources */ = {isa = PBXBuildFile; fileRef = 27CE86F01E750599007AD729 /* NoteCollection.swift */; };
		27CE87231E750599007AD729 /* NoteDuration.swift in Sources */ = {isa = PBXBuildFile; fileRef = 27CE86F11E750599007AD729 /* NoteDuration.swift */; };
		27CE87241E750599007AD729 /* NoteDuration.swift in Sources */ = {isa = PBXBuildFile; fileRef = 27CE86F11E750599007AD729 /* NoteDuration.swift */; };
		27CE87251E750599007AD729 /* NoteDuration.swift in Sources */ = {isa = PBXBuildFile; fileRef = 27CE86F11E750599007AD729 /* NoteDuration.swift */; };
		27CE87261E750599007AD729 /* NoteDuration.swift in Sources */ = {isa = PBXBuildFile; fileRef = 27CE86F11E750599007AD729 /* NoteDuration.swift */; };
		27CE87271E750599007AD729 /* NoteHolder.swift in Sources */ = {isa = PBXBuildFile; fileRef = 27CE86F21E750599007AD729 /* NoteHolder.swift */; };
		27CE87281E750599007AD729 /* NoteHolder.swift in Sources */ = {isa = PBXBuildFile; fileRef = 27CE86F21E750599007AD729 /* NoteHolder.swift */; };
		27CE87291E750599007AD729 /* NoteHolder.swift in Sources */ = {isa = PBXBuildFile; fileRef = 27CE86F21E750599007AD729 /* NoteHolder.swift */; };
		27CE872A1E750599007AD729 /* NoteHolder.swift in Sources */ = {isa = PBXBuildFile; fileRef = 27CE86F21E750599007AD729 /* NoteHolder.swift */; };
		27CE872B1E750599007AD729 /* RepeatedMeasure.swift in Sources */ = {isa = PBXBuildFile; fileRef = 27CE86F31E750599007AD729 /* RepeatedMeasure.swift */; };
		27CE872C1E750599007AD729 /* RepeatedMeasure.swift in Sources */ = {isa = PBXBuildFile; fileRef = 27CE86F31E750599007AD729 /* RepeatedMeasure.swift */; };
		27CE872D1E750599007AD729 /* RepeatedMeasure.swift in Sources */ = {isa = PBXBuildFile; fileRef = 27CE86F31E750599007AD729 /* RepeatedMeasure.swift */; };
		27CE872E1E750599007AD729 /* RepeatedMeasure.swift in Sources */ = {isa = PBXBuildFile; fileRef = 27CE86F31E750599007AD729 /* RepeatedMeasure.swift */; };
		27CE872F1E750599007AD729 /* Staff.swift in Sources */ = {isa = PBXBuildFile; fileRef = 27CE86F41E750599007AD729 /* Staff.swift */; };
		27CE87301E750599007AD729 /* Staff.swift in Sources */ = {isa = PBXBuildFile; fileRef = 27CE86F41E750599007AD729 /* Staff.swift */; };
		27CE87311E750599007AD729 /* Staff.swift in Sources */ = {isa = PBXBuildFile; fileRef = 27CE86F41E750599007AD729 /* Staff.swift */; };
		27CE87321E750599007AD729 /* Staff.swift in Sources */ = {isa = PBXBuildFile; fileRef = 27CE86F41E750599007AD729 /* Staff.swift */; };
		27CE87331E750599007AD729 /* StaffLocation.swift in Sources */ = {isa = PBXBuildFile; fileRef = 27CE86F51E750599007AD729 /* StaffLocation.swift */; };
		27CE87341E750599007AD729 /* StaffLocation.swift in Sources */ = {isa = PBXBuildFile; fileRef = 27CE86F51E750599007AD729 /* StaffLocation.swift */; };
		27CE87351E750599007AD729 /* StaffLocation.swift in Sources */ = {isa = PBXBuildFile; fileRef = 27CE86F51E750599007AD729 /* StaffLocation.swift */; };
		27CE87361E750599007AD729 /* StaffLocation.swift in Sources */ = {isa = PBXBuildFile; fileRef = 27CE86F51E750599007AD729 /* StaffLocation.swift */; };
		27CE87371E750599007AD729 /* SwiftHelpers.swift in Sources */ = {isa = PBXBuildFile; fileRef = 27CE86F61E750599007AD729 /* SwiftHelpers.swift */; };
		27CE87381E750599007AD729 /* SwiftHelpers.swift in Sources */ = {isa = PBXBuildFile; fileRef = 27CE86F61E750599007AD729 /* SwiftHelpers.swift */; };
		27CE87391E750599007AD729 /* SwiftHelpers.swift in Sources */ = {isa = PBXBuildFile; fileRef = 27CE86F61E750599007AD729 /* SwiftHelpers.swift */; };
		27CE873A1E750599007AD729 /* SwiftHelpers.swift in Sources */ = {isa = PBXBuildFile; fileRef = 27CE86F61E750599007AD729 /* SwiftHelpers.swift */; };
		27CE873B1E750599007AD729 /* TimeSignature.swift in Sources */ = {isa = PBXBuildFile; fileRef = 27CE86F71E750599007AD729 /* TimeSignature.swift */; };
		27CE873C1E750599007AD729 /* TimeSignature.swift in Sources */ = {isa = PBXBuildFile; fileRef = 27CE86F71E750599007AD729 /* TimeSignature.swift */; };
		27CE873D1E750599007AD729 /* TimeSignature.swift in Sources */ = {isa = PBXBuildFile; fileRef = 27CE86F71E750599007AD729 /* TimeSignature.swift */; };
		27CE873E1E750599007AD729 /* TimeSignature.swift in Sources */ = {isa = PBXBuildFile; fileRef = 27CE86F71E750599007AD729 /* TimeSignature.swift */; };
		27CE873F1E750599007AD729 /* SpelledPitch.swift in Sources */ = {isa = PBXBuildFile; fileRef = 27CE86F81E750599007AD729 /* SpelledPitch.swift */; };
		27CE87401E750599007AD729 /* SpelledPitch.swift in Sources */ = {isa = PBXBuildFile; fileRef = 27CE86F81E750599007AD729 /* SpelledPitch.swift */; };
		27CE87411E750599007AD729 /* SpelledPitch.swift in Sources */ = {isa = PBXBuildFile; fileRef = 27CE86F81E750599007AD729 /* SpelledPitch.swift */; };
		27CE87421E750599007AD729 /* SpelledPitch.swift in Sources */ = {isa = PBXBuildFile; fileRef = 27CE86F81E750599007AD729 /* SpelledPitch.swift */; };
		27CE87431E750599007AD729 /* Tuplet.swift in Sources */ = {isa = PBXBuildFile; fileRef = 27CE86F91E750599007AD729 /* Tuplet.swift */; };
		27CE87441E750599007AD729 /* Tuplet.swift in Sources */ = {isa = PBXBuildFile; fileRef = 27CE86F91E750599007AD729 /* Tuplet.swift */; };
		27CE87451E750599007AD729 /* Tuplet.swift in Sources */ = {isa = PBXBuildFile; fileRef = 27CE86F91E750599007AD729 /* Tuplet.swift */; };
		27CE87461E750599007AD729 /* Tuplet.swift in Sources */ = {isa = PBXBuildFile; fileRef = 27CE86F91E750599007AD729 /* Tuplet.swift */; };
		27CE87471E750599007AD729 /* Types.swift in Sources */ = {isa = PBXBuildFile; fileRef = 27CE86FA1E750599007AD729 /* Types.swift */; };
		27CE87481E750599007AD729 /* Types.swift in Sources */ = {isa = PBXBuildFile; fileRef = 27CE86FA1E750599007AD729 /* Types.swift */; };
		27CE87491E750599007AD729 /* Types.swift in Sources */ = {isa = PBXBuildFile; fileRef = 27CE86FA1E750599007AD729 /* Types.swift */; };
		27CE874A1E750599007AD729 /* Types.swift in Sources */ = {isa = PBXBuildFile; fileRef = 27CE86FA1E750599007AD729 /* Types.swift */; };
		27CE87531E750607007AD729 /* MusicNotationCoreMacTests.swift in Sources */ = {isa = PBXBuildFile; fileRef = 27CE87521E750607007AD729 /* MusicNotationCoreMacTests.swift */; };
		27CE87551E750607007AD729 /* MusicNotationCoreMac.framework in Frameworks */ = {isa = PBXBuildFile; fileRef = 27CE86A81E750534007AD729 /* MusicNotationCoreMac.framework */; };
		27CE87681E750623007AD729 /* ClefTests.swift in Sources */ = {isa = PBXBuildFile; fileRef = 27CE875B1E750622007AD729 /* ClefTests.swift */; };
		27CE87691E750623007AD729 /* IntervalTests.swift in Sources */ = {isa = PBXBuildFile; fileRef = 27CE875C1E750622007AD729 /* IntervalTests.swift */; };
		27CE876A1E750623007AD729 /* KeyTests.swift in Sources */ = {isa = PBXBuildFile; fileRef = 27CE875D1E750622007AD729 /* KeyTests.swift */; };
		27CE876B1E750623007AD729 /* MeasureDurationValidatorTests.swift in Sources */ = {isa = PBXBuildFile; fileRef = 27CE875E1E750622007AD729 /* MeasureDurationValidatorTests.swift */; };
		27CE876C1E750623007AD729 /* MeasureRepeatTests.swift in Sources */ = {isa = PBXBuildFile; fileRef = 27CE875F1E750622007AD729 /* MeasureRepeatTests.swift */; };
		27CE876D1E750623007AD729 /* MeasureTests.swift in Sources */ = {isa = PBXBuildFile; fileRef = 27CE87601E750622007AD729 /* MeasureTests.swift */; };
		27CE876E1E750623007AD729 /* NoteDurationTests.swift in Sources */ = {isa = PBXBuildFile; fileRef = 27CE87611E750622007AD729 /* NoteDurationTests.swift */; };
		27CE876F1E750623007AD729 /* NoteTests.swift in Sources */ = {isa = PBXBuildFile; fileRef = 27CE87621E750622007AD729 /* NoteTests.swift */; };
		27CE87701E750623007AD729 /* StaffTests.swift in Sources */ = {isa = PBXBuildFile; fileRef = 27CE87631E750622007AD729 /* StaffTests.swift */; };
		27CE87711E750623007AD729 /* SwiftHelpersTests.swift in Sources */ = {isa = PBXBuildFile; fileRef = 27CE87641E750622007AD729 /* SwiftHelpersTests.swift */; };
		27CE87721E750623007AD729 /* TestHelpers.swift in Sources */ = {isa = PBXBuildFile; fileRef = 27CE87651E750622007AD729 /* TestHelpers.swift */; };
		27CE87731E750623007AD729 /* PitchTests.swift in Sources */ = {isa = PBXBuildFile; fileRef = 27CE87661E750623007AD729 /* PitchTests.swift */; };
		27CE87741E750623007AD729 /* TupletTests.swift in Sources */ = {isa = PBXBuildFile; fileRef = 27CE87671E750623007AD729 /* TupletTests.swift */; };
/* End PBXBuildFile section */

/* Begin PBXContainerItemProxy section */
		27CE87561E750607007AD729 /* PBXContainerItemProxy */ = {
			isa = PBXContainerItemProxy;
			containerPortal = 27CE869D1E75050A007AD729 /* Project object */;
			proxyType = 1;
			remoteGlobalIDString = 27CE86A71E750534007AD729;
			remoteInfo = MusicNotationCoreMac;
		};
/* End PBXContainerItemProxy section */

/* Begin PBXFileReference section */
		27CE86A81E750534007AD729 /* MusicNotationCoreMac.framework */ = {isa = PBXFileReference; explicitFileType = wrapper.framework; includeInIndex = 0; path = MusicNotationCoreMac.framework; sourceTree = BUILT_PRODUCTS_DIR; };
		27CE86AB1E750534007AD729 /* MusicNotationCoreMac.h */ = {isa = PBXFileReference; lastKnownFileType = sourcecode.c.h; path = MusicNotationCoreMac.h; sourceTree = "<group>"; };
		27CE86AC1E750534007AD729 /* Info.plist */ = {isa = PBXFileReference; lastKnownFileType = text.plist.xml; path = Info.plist; sourceTree = "<group>"; };
		27CE86C51E75054E007AD729 /* MusicNotationCoreTV.framework */ = {isa = PBXFileReference; explicitFileType = wrapper.framework; includeInIndex = 0; path = MusicNotationCoreTV.framework; sourceTree = BUILT_PRODUCTS_DIR; };
		27CE86C71E75054E007AD729 /* MusicNotationCoreTV.h */ = {isa = PBXFileReference; lastKnownFileType = sourcecode.c.h; path = MusicNotationCoreTV.h; sourceTree = "<group>"; };
		27CE86C81E75054E007AD729 /* Info.plist */ = {isa = PBXFileReference; lastKnownFileType = text.plist.xml; path = Info.plist; sourceTree = "<group>"; };
		27CE86D21E75055C007AD729 /* MusicNotationCoreWatch.framework */ = {isa = PBXFileReference; explicitFileType = wrapper.framework; includeInIndex = 0; path = MusicNotationCoreWatch.framework; sourceTree = BUILT_PRODUCTS_DIR; };
		27CE86D41E75055D007AD729 /* MusicNotationCoreWatch.h */ = {isa = PBXFileReference; lastKnownFileType = sourcecode.c.h; path = MusicNotationCoreWatch.h; sourceTree = "<group>"; };
		27CE86D51E75055D007AD729 /* Info.plist */ = {isa = PBXFileReference; lastKnownFileType = text.plist.xml; path = Info.plist; sourceTree = "<group>"; };
		27CE86DF1E75056F007AD729 /* MusicNotationCoreiOS.framework */ = {isa = PBXFileReference; explicitFileType = wrapper.framework; includeInIndex = 0; path = MusicNotationCoreiOS.framework; sourceTree = BUILT_PRODUCTS_DIR; };
		27CE86E11E75056F007AD729 /* MusicNotationCoreiOS.h */ = {isa = PBXFileReference; lastKnownFileType = sourcecode.c.h; path = MusicNotationCoreiOS.h; sourceTree = "<group>"; };
		27CE86E21E75056F007AD729 /* Info.plist */ = {isa = PBXFileReference; lastKnownFileType = text.plist.xml; path = Info.plist; sourceTree = "<group>"; };
		27CE86E71E750599007AD729 /* Clef.swift */ = {isa = PBXFileReference; fileEncoding = 4; lastKnownFileType = sourcecode.swift; name = Clef.swift; path = ../Sources/Clef.swift; sourceTree = "<group>"; };
		27CE86E81E750599007AD729 /* Enharmonic.swift */ = {isa = PBXFileReference; fileEncoding = 4; lastKnownFileType = sourcecode.swift; name = Enharmonic.swift; path = ../Sources/Enharmonic.swift; sourceTree = "<group>"; };
		27CE86E91E750599007AD729 /* ImmutableMeasure.swift */ = {isa = PBXFileReference; fileEncoding = 4; lastKnownFileType = sourcecode.swift; name = ImmutableMeasure.swift; path = ../Sources/ImmutableMeasure.swift; sourceTree = "<group>"; };
		27CE86EA1E750599007AD729 /* Interval.swift */ = {isa = PBXFileReference; fileEncoding = 4; lastKnownFileType = sourcecode.swift; name = Interval.swift; path = ../Sources/Interval.swift; sourceTree = "<group>"; };
		27CE86EB1E750599007AD729 /* Key.swift */ = {isa = PBXFileReference; fileEncoding = 4; lastKnownFileType = sourcecode.swift; name = Key.swift; path = ../Sources/Key.swift; sourceTree = "<group>"; };
		27CE86EC1E750599007AD729 /* Measure.swift */ = {isa = PBXFileReference; fileEncoding = 4; lastKnownFileType = sourcecode.swift; name = Measure.swift; path = ../Sources/Measure.swift; sourceTree = "<group>"; };
		27CE86ED1E750599007AD729 /* MeasureDurationValidator.swift */ = {isa = PBXFileReference; fileEncoding = 4; lastKnownFileType = sourcecode.swift; name = MeasureDurationValidator.swift; path = ../Sources/MeasureDurationValidator.swift; sourceTree = "<group>"; };
		27CE86EE1E750599007AD729 /* MeasureRepeat.swift */ = {isa = PBXFileReference; fileEncoding = 4; lastKnownFileType = sourcecode.swift; name = MeasureRepeat.swift; path = ../Sources/MeasureRepeat.swift; sourceTree = "<group>"; };
		27CE86EF1E750599007AD729 /* Note.swift */ = {isa = PBXFileReference; fileEncoding = 4; lastKnownFileType = sourcecode.swift; name = Note.swift; path = ../Sources/Note.swift; sourceTree = "<group>"; };
		27CE86F01E750599007AD729 /* NoteCollection.swift */ = {isa = PBXFileReference; fileEncoding = 4; lastKnownFileType = sourcecode.swift; name = NoteCollection.swift; path = ../Sources/NoteCollection.swift; sourceTree = "<group>"; };
		27CE86F11E750599007AD729 /* NoteDuration.swift */ = {isa = PBXFileReference; fileEncoding = 4; lastKnownFileType = sourcecode.swift; name = NoteDuration.swift; path = ../Sources/NoteDuration.swift; sourceTree = "<group>"; };
		27CE86F21E750599007AD729 /* NoteHolder.swift */ = {isa = PBXFileReference; fileEncoding = 4; lastKnownFileType = sourcecode.swift; name = NoteHolder.swift; path = ../Sources/NoteHolder.swift; sourceTree = "<group>"; };
		27CE86F31E750599007AD729 /* RepeatedMeasure.swift */ = {isa = PBXFileReference; fileEncoding = 4; lastKnownFileType = sourcecode.swift; name = RepeatedMeasure.swift; path = ../Sources/RepeatedMeasure.swift; sourceTree = "<group>"; };
		27CE86F41E750599007AD729 /* Staff.swift */ = {isa = PBXFileReference; fileEncoding = 4; lastKnownFileType = sourcecode.swift; name = Staff.swift; path = ../Sources/Staff.swift; sourceTree = "<group>"; };
		27CE86F51E750599007AD729 /* StaffLocation.swift */ = {isa = PBXFileReference; fileEncoding = 4; lastKnownFileType = sourcecode.swift; name = StaffLocation.swift; path = ../Sources/StaffLocation.swift; sourceTree = "<group>"; };
		27CE86F61E750599007AD729 /* SwiftHelpers.swift */ = {isa = PBXFileReference; fileEncoding = 4; lastKnownFileType = sourcecode.swift; name = SwiftHelpers.swift; path = ../Sources/SwiftHelpers.swift; sourceTree = "<group>"; };
		27CE86F71E750599007AD729 /* TimeSignature.swift */ = {isa = PBXFileReference; fileEncoding = 4; lastKnownFileType = sourcecode.swift; name = TimeSignature.swift; path = ../Sources/TimeSignature.swift; sourceTree = "<group>"; };
		27CE86F81E750599007AD729 /* SpelledPitch.swift */ = {isa = PBXFileReference; fileEncoding = 4; lastKnownFileType = sourcecode.swift; path = SpelledPitch.swift; sourceTree = "<group>"; };
		27CE86F91E750599007AD729 /* Tuplet.swift */ = {isa = PBXFileReference; fileEncoding = 4; lastKnownFileType = sourcecode.swift; name = Tuplet.swift; path = ../Sources/Tuplet.swift; sourceTree = "<group>"; };
		27CE86FA1E750599007AD729 /* Types.swift */ = {isa = PBXFileReference; fileEncoding = 4; lastKnownFileType = sourcecode.swift; name = Types.swift; path = ../Sources/Types.swift; sourceTree = "<group>"; };
		27CE87501E750607007AD729 /* MusicNotationCoreMacTests.xctest */ = {isa = PBXFileReference; explicitFileType = wrapper.cfbundle; includeInIndex = 0; path = MusicNotationCoreMacTests.xctest; sourceTree = BUILT_PRODUCTS_DIR; };
		27CE87521E750607007AD729 /* MusicNotationCoreMacTests.swift */ = {isa = PBXFileReference; lastKnownFileType = sourcecode.swift; path = MusicNotationCoreMacTests.swift; sourceTree = "<group>"; };
		27CE87541E750607007AD729 /* Info.plist */ = {isa = PBXFileReference; explicitFileType = text.xml; path = Info.plist; sourceTree = "<group>"; };
		27CE875B1E750622007AD729 /* ClefTests.swift */ = {isa = PBXFileReference; fileEncoding = 4; lastKnownFileType = sourcecode.swift; name = ClefTests.swift; path = ../Tests/MusicNotationCoreTests/ClefTests.swift; sourceTree = "<group>"; };
		27CE875C1E750622007AD729 /* IntervalTests.swift */ = {isa = PBXFileReference; fileEncoding = 4; lastKnownFileType = sourcecode.swift; name = IntervalTests.swift; path = ../Tests/MusicNotationCoreTests/IntervalTests.swift; sourceTree = "<group>"; };
		27CE875D1E750622007AD729 /* KeyTests.swift */ = {isa = PBXFileReference; fileEncoding = 4; lastKnownFileType = sourcecode.swift; name = KeyTests.swift; path = ../Tests/MusicNotationCoreTests/KeyTests.swift; sourceTree = "<group>"; };
		27CE875E1E750622007AD729 /* MeasureDurationValidatorTests.swift */ = {isa = PBXFileReference; fileEncoding = 4; lastKnownFileType = sourcecode.swift; name = MeasureDurationValidatorTests.swift; path = ../Tests/MusicNotationCoreTests/MeasureDurationValidatorTests.swift; sourceTree = "<group>"; };
		27CE875F1E750622007AD729 /* MeasureRepeatTests.swift */ = {isa = PBXFileReference; fileEncoding = 4; lastKnownFileType = sourcecode.swift; name = MeasureRepeatTests.swift; path = ../Tests/MusicNotationCoreTests/MeasureRepeatTests.swift; sourceTree = "<group>"; };
		27CE87601E750622007AD729 /* MeasureTests.swift */ = {isa = PBXFileReference; fileEncoding = 4; lastKnownFileType = sourcecode.swift; name = MeasureTests.swift; path = ../Tests/MusicNotationCoreTests/MeasureTests.swift; sourceTree = "<group>"; };
		27CE87611E750622007AD729 /* NoteDurationTests.swift */ = {isa = PBXFileReference; fileEncoding = 4; lastKnownFileType = sourcecode.swift; name = NoteDurationTests.swift; path = ../Tests/MusicNotationCoreTests/NoteDurationTests.swift; sourceTree = "<group>"; };
		27CE87621E750622007AD729 /* NoteTests.swift */ = {isa = PBXFileReference; fileEncoding = 4; lastKnownFileType = sourcecode.swift; name = NoteTests.swift; path = ../Tests/MusicNotationCoreTests/NoteTests.swift; sourceTree = "<group>"; };
		27CE87631E750622007AD729 /* StaffTests.swift */ = {isa = PBXFileReference; fileEncoding = 4; lastKnownFileType = sourcecode.swift; name = StaffTests.swift; path = ../Tests/MusicNotationCoreTests/StaffTests.swift; sourceTree = "<group>"; };
		27CE87641E750622007AD729 /* SwiftHelpersTests.swift */ = {isa = PBXFileReference; fileEncoding = 4; lastKnownFileType = sourcecode.swift; name = SwiftHelpersTests.swift; path = ../Tests/MusicNotationCoreTests/SwiftHelpersTests.swift; sourceTree = "<group>"; };
		27CE87651E750622007AD729 /* TestHelpers.swift */ = {isa = PBXFileReference; fileEncoding = 4; lastKnownFileType = sourcecode.swift; name = TestHelpers.swift; path = ../Tests/MusicNotationCoreTests/TestHelpers.swift; sourceTree = "<group>"; };
		27CE87661E750623007AD729 /* PitchTests.swift */ = {isa = PBXFileReference; fileEncoding = 4; lastKnownFileType = sourcecode.swift; name = PitchTests.swift; path = ../Tests/MusicNotationCoreTests/PitchTests.swift; sourceTree = "<group>"; };
		27CE87671E750623007AD729 /* TupletTests.swift */ = {isa = PBXFileReference; fileEncoding = 4; lastKnownFileType = sourcecode.swift; name = TupletTests.swift; path = ../Tests/MusicNotationCoreTests/TupletTests.swift; sourceTree = "<group>"; };
		E23E8B61248DBB0200DFF990 /* common.xcconfig */ = {isa = PBXFileReference; lastKnownFileType = text.xcconfig; path = common.xcconfig; sourceTree = "<group>"; };
		E23E8B63248DE4EF00DFF990 /* common-macos.xcconfig */ = {isa = PBXFileReference; lastKnownFileType = text.xcconfig; path = "common-macos.xcconfig"; sourceTree = "<group>"; };
		E23E8B64248DE4EF00DFF990 /* common-tvos.xcconfig */ = {isa = PBXFileReference; lastKnownFileType = text.xcconfig; path = "common-tvos.xcconfig"; sourceTree = "<group>"; };
		E23E8B66248DE4EF00DFF990 /* common-watchos.xcconfig */ = {isa = PBXFileReference; lastKnownFileType = text.xcconfig; path = "common-watchos.xcconfig"; sourceTree = "<group>"; };
		E23E8B67248DE57000DFF990 /* music-notation-core-macos-release.xcconfig */ = {isa = PBXFileReference; lastKnownFileType = text.xcconfig; path = "music-notation-core-macos-release.xcconfig"; sourceTree = "<group>"; };
		E23E8B68248DE57000DFF990 /* music-notation-core-macos-tests.xcconfig */ = {isa = PBXFileReference; lastKnownFileType = text.xcconfig; path = "music-notation-core-macos-tests.xcconfig"; sourceTree = "<group>"; };
		E23E8B69248DE57000DFF990 /* music-notation-core-macos-debug.xcconfig */ = {isa = PBXFileReference; lastKnownFileType = text.xcconfig; path = "music-notation-core-macos-debug.xcconfig"; sourceTree = "<group>"; };
		E23E8B6A248DE5A100DFF990 /* music-notation-core-tvos-tests.xcconfig */ = {isa = PBXFileReference; lastKnownFileType = text.xcconfig; path = "music-notation-core-tvos-tests.xcconfig"; sourceTree = "<group>"; };
		E23E8B6B248DE5A100DFF990 /* music-notation-core-ios-release.xcconfig */ = {isa = PBXFileReference; lastKnownFileType = text.xcconfig; path = "music-notation-core-ios-release.xcconfig"; sourceTree = "<group>"; };
		E23E8B6C248DE5A100DFF990 /* music-notation-core-tvos-release.xcconfig */ = {isa = PBXFileReference; lastKnownFileType = text.xcconfig; path = "music-notation-core-tvos-release.xcconfig"; sourceTree = "<group>"; };
		E23E8B6D248DE5A100DFF990 /* music-notation-core-ios-tests.xcconfig */ = {isa = PBXFileReference; lastKnownFileType = text.xcconfig; path = "music-notation-core-ios-tests.xcconfig"; sourceTree = "<group>"; };
		E23E8B6E248DE5A100DFF990 /* music-notation-core-tvos-debug.xcconfig */ = {isa = PBXFileReference; lastKnownFileType = text.xcconfig; path = "music-notation-core-tvos-debug.xcconfig"; sourceTree = "<group>"; };
		E23E8B6F248DE5A100DFF990 /* music-notation-core-ios-debug.xcconfig */ = {isa = PBXFileReference; lastKnownFileType = text.xcconfig; path = "music-notation-core-ios-debug.xcconfig"; sourceTree = "<group>"; };
		E23E8B70248DE5FF00DFF990 /* music-notation-core-watchos-tests.xcconfig */ = {isa = PBXFileReference; lastKnownFileType = text.xcconfig; path = "music-notation-core-watchos-tests.xcconfig"; sourceTree = "<group>"; };
		E23E8B71248DE5FF00DFF990 /* music-notation-core-watchos-debug.xcconfig */ = {isa = PBXFileReference; lastKnownFileType = text.xcconfig; path = "music-notation-core-watchos-debug.xcconfig"; sourceTree = "<group>"; };
		E23E8B72248DE5FF00DFF990 /* music-notation-core-watchos-release.xcconfig */ = {isa = PBXFileReference; lastKnownFileType = text.xcconfig; path = "music-notation-core-watchos-release.xcconfig"; sourceTree = "<group>"; };
		E23E8B73248DE76100DFF990 /* common-ios.xcconfig */ = {isa = PBXFileReference; lastKnownFileType = text.xcconfig; path = "common-ios.xcconfig"; sourceTree = "<group>"; };
/* End PBXFileReference section */

/* Begin PBXFrameworksBuildPhase section */
		27CE86A41E750534007AD729 /* Frameworks */ = {
			isa = PBXFrameworksBuildPhase;
			buildActionMask = 2147483647;
			files = (
			);
			runOnlyForDeploymentPostprocessing = 0;
		};
		27CE86C11E75054E007AD729 /* Frameworks */ = {
			isa = PBXFrameworksBuildPhase;
			buildActionMask = 2147483647;
			files = (
			);
			runOnlyForDeploymentPostprocessing = 0;
		};
		27CE86CE1E75055C007AD729 /* Frameworks */ = {
			isa = PBXFrameworksBuildPhase;
			buildActionMask = 2147483647;
			files = (
			);
			runOnlyForDeploymentPostprocessing = 0;
		};
		27CE86DB1E75056F007AD729 /* Frameworks */ = {
			isa = PBXFrameworksBuildPhase;
			buildActionMask = 2147483647;
			files = (
			);
			runOnlyForDeploymentPostprocessing = 0;
		};
		27CE874D1E750607007AD729 /* Frameworks */ = {
			isa = PBXFrameworksBuildPhase;
			buildActionMask = 2147483647;
			files = (
				27CE87551E750607007AD729 /* MusicNotationCoreMac.framework in Frameworks */,
			);
			runOnlyForDeploymentPostprocessing = 0;
		};
/* End PBXFrameworksBuildPhase section */

/* Begin PBXGroup section */
		27CE869C1E75050A007AD729 = {
			isa = PBXGroup;
			children = (
				E23E8B3C248DB74E00DFF990 /* Configurations */,
				27CE874B1E7505B2007AD729 /* Sources */,
				27CE87761E750633007AD729 /* Tests */,
				27CE86AA1E750534007AD729 /* MusicNotationCoreMac */,
				27CE86C61E75054E007AD729 /* MusicNotationCoreTV */,
				27CE86D31E75055D007AD729 /* MusicNotationCoreWatch */,
				27CE86E01E75056F007AD729 /* MusicNotationCoreiOS */,
				27CE87511E750607007AD729 /* MusicNotationCoreMacTests */,
				27CE86A91E750534007AD729 /* Products */,
			);
			sourceTree = "<group>";
		};
		27CE86A91E750534007AD729 /* Products */ = {
			isa = PBXGroup;
			children = (
				27CE86A81E750534007AD729 /* MusicNotationCoreMac.framework */,
				27CE86C51E75054E007AD729 /* MusicNotationCoreTV.framework */,
				27CE86D21E75055C007AD729 /* MusicNotationCoreWatch.framework */,
				27CE86DF1E75056F007AD729 /* MusicNotationCoreiOS.framework */,
				27CE87501E750607007AD729 /* MusicNotationCoreMacTests.xctest */,
			);
			name = Products;
			sourceTree = "<group>";
		};
		27CE86AA1E750534007AD729 /* MusicNotationCoreMac */ = {
			isa = PBXGroup;
			children = (
				27CE86AB1E750534007AD729 /* MusicNotationCoreMac.h */,
				27CE86AC1E750534007AD729 /* Info.plist */,
			);
			path = MusicNotationCoreMac;
			sourceTree = "<group>";
		};
		27CE86C61E75054E007AD729 /* MusicNotationCoreTV */ = {
			isa = PBXGroup;
			children = (
				27CE86C71E75054E007AD729 /* MusicNotationCoreTV.h */,
				27CE86C81E75054E007AD729 /* Info.plist */,
			);
			path = MusicNotationCoreTV;
			sourceTree = "<group>";
		};
		27CE86D31E75055D007AD729 /* MusicNotationCoreWatch */ = {
			isa = PBXGroup;
			children = (
				27CE86D41E75055D007AD729 /* MusicNotationCoreWatch.h */,
				27CE86D51E75055D007AD729 /* Info.plist */,
			);
			path = MusicNotationCoreWatch;
			sourceTree = "<group>";
		};
		27CE86E01E75056F007AD729 /* MusicNotationCoreiOS */ = {
			isa = PBXGroup;
			children = (
				27CE86E11E75056F007AD729 /* MusicNotationCoreiOS.h */,
				27CE86E21E75056F007AD729 /* Info.plist */,
			);
			path = MusicNotationCoreiOS;
			sourceTree = "<group>";
		};
		27CE874B1E7505B2007AD729 /* Sources */ = {
			isa = PBXGroup;
			children = (
				27CE86E71E750599007AD729 /* Clef.swift */,
				27CE86E81E750599007AD729 /* Enharmonic.swift */,
				27CE86E91E750599007AD729 /* ImmutableMeasure.swift */,
				27CE86EA1E750599007AD729 /* Interval.swift */,
				27CE86EB1E750599007AD729 /* Key.swift */,
				27CE86EC1E750599007AD729 /* Measure.swift */,
				27CE86ED1E750599007AD729 /* MeasureDurationValidator.swift */,
				27CE86EE1E750599007AD729 /* MeasureRepeat.swift */,
				27CE86EF1E750599007AD729 /* Note.swift */,
				27CE86F01E750599007AD729 /* NoteCollection.swift */,
				27CE86F11E750599007AD729 /* NoteDuration.swift */,
				27CE86F21E750599007AD729 /* NoteHolder.swift */,
				27CE86F31E750599007AD729 /* RepeatedMeasure.swift */,
				27CE86F41E750599007AD729 /* Staff.swift */,
				27CE86F51E750599007AD729 /* StaffLocation.swift */,
				27CE86F61E750599007AD729 /* SwiftHelpers.swift */,
				27CE86F71E750599007AD729 /* TimeSignature.swift */,
				27CE86F81E750599007AD729 /* SpelledPitch.swift */,
				27CE86F91E750599007AD729 /* Tuplet.swift */,
				27CE86FA1E750599007AD729 /* Types.swift */,
			);
			name = Sources;
			path = ../Sources;
			sourceTree = "<group>";
		};
		27CE87511E750607007AD729 /* MusicNotationCoreMacTests */ = {
			isa = PBXGroup;
			children = (
				27CE87521E750607007AD729 /* MusicNotationCoreMacTests.swift */,
				27CE87541E750607007AD729 /* Info.plist */,
			);
			path = MusicNotationCoreMacTests;
			sourceTree = "<group>";
		};
		27CE87751E75062B007AD729 /* MusicNotationCoreTests */ = {
			isa = PBXGroup;
			children = (
				27CE875B1E750622007AD729 /* ClefTests.swift */,
				27CE875C1E750622007AD729 /* IntervalTests.swift */,
				27CE875D1E750622007AD729 /* KeyTests.swift */,
				27CE875E1E750622007AD729 /* MeasureDurationValidatorTests.swift */,
				27CE875F1E750622007AD729 /* MeasureRepeatTests.swift */,
				27CE87601E750622007AD729 /* MeasureTests.swift */,
				27CE87611E750622007AD729 /* NoteDurationTests.swift */,
				27CE87621E750622007AD729 /* NoteTests.swift */,
				27CE87631E750622007AD729 /* StaffTests.swift */,
				27CE87641E750622007AD729 /* SwiftHelpersTests.swift */,
				27CE87651E750622007AD729 /* TestHelpers.swift */,
				27CE87661E750623007AD729 /* PitchTests.swift */,
				27CE87671E750623007AD729 /* TupletTests.swift */,
			);
			name = MusicNotationCoreTests;
			sourceTree = "<group>";
		};
		27CE87761E750633007AD729 /* Tests */ = {
			isa = PBXGroup;
			children = (
				27CE87751E75062B007AD729 /* MusicNotationCoreTests */,
			);
			name = Tests;
			sourceTree = "<group>";
		};
		E23E8B3C248DB74E00DFF990 /* Configurations */ = {
			isa = PBXGroup;
			children = (
				E23E8B61248DBB0200DFF990 /* common.xcconfig */,
				E23E8B73248DE76100DFF990 /* common-ios.xcconfig */,
				E23E8B63248DE4EF00DFF990 /* common-macos.xcconfig */,
				E23E8B64248DE4EF00DFF990 /* common-tvos.xcconfig */,
				E23E8B66248DE4EF00DFF990 /* common-watchos.xcconfig */,
				E23E8B6F248DE5A100DFF990 /* music-notation-core-ios-debug.xcconfig */,
				E23E8B6B248DE5A100DFF990 /* music-notation-core-ios-release.xcconfig */,
				E23E8B6D248DE5A100DFF990 /* music-notation-core-ios-tests.xcconfig */,
				E23E8B69248DE57000DFF990 /* music-notation-core-macos-debug.xcconfig */,
				E23E8B67248DE57000DFF990 /* music-notation-core-macos-release.xcconfig */,
				E23E8B68248DE57000DFF990 /* music-notation-core-macos-tests.xcconfig */,
				E23E8B6E248DE5A100DFF990 /* music-notation-core-tvos-debug.xcconfig */,
				E23E8B6C248DE5A100DFF990 /* music-notation-core-tvos-release.xcconfig */,
				E23E8B6A248DE5A100DFF990 /* music-notation-core-tvos-tests.xcconfig */,
				E23E8B71248DE5FF00DFF990 /* music-notation-core-watchos-debug.xcconfig */,
				E23E8B72248DE5FF00DFF990 /* music-notation-core-watchos-release.xcconfig */,
				E23E8B70248DE5FF00DFF990 /* music-notation-core-watchos-tests.xcconfig */,
			);
			path = Configurations;
			sourceTree = "<group>";
		};
/* End PBXGroup section */

/* Begin PBXHeadersBuildPhase section */
		27CE86A51E750534007AD729 /* Headers */ = {
			isa = PBXHeadersBuildPhase;
			buildActionMask = 2147483647;
			files = (
				27CE86B91E750534007AD729 /* MusicNotationCoreMac.h in Headers */,
			);
			runOnlyForDeploymentPostprocessing = 0;
		};
		27CE86C21E75054E007AD729 /* Headers */ = {
			isa = PBXHeadersBuildPhase;
			buildActionMask = 2147483647;
			files = (
				27CE86C91E75054E007AD729 /* MusicNotationCoreTV.h in Headers */,
			);
			runOnlyForDeploymentPostprocessing = 0;
		};
		27CE86CF1E75055C007AD729 /* Headers */ = {
			isa = PBXHeadersBuildPhase;
			buildActionMask = 2147483647;
			files = (
				27CE86D61E75055D007AD729 /* MusicNotationCoreWatch.h in Headers */,
			);
			runOnlyForDeploymentPostprocessing = 0;
		};
		27CE86DC1E75056F007AD729 /* Headers */ = {
			isa = PBXHeadersBuildPhase;
			buildActionMask = 2147483647;
			files = (
				27CE86E31E75056F007AD729 /* MusicNotationCoreiOS.h in Headers */,
			);
			runOnlyForDeploymentPostprocessing = 0;
		};
/* End PBXHeadersBuildPhase section */

/* Begin PBXNativeTarget section */
		27CE86A71E750534007AD729 /* MusicNotationCoreMac */ = {
			isa = PBXNativeTarget;
			buildConfigurationList = 27CE86BA1E750534007AD729 /* Build configuration list for PBXNativeTarget "MusicNotationCoreMac" */;
			buildPhases = (
				27CE86A31E750534007AD729 /* Sources */,
				27CE86A41E750534007AD729 /* Frameworks */,
				27CE86A51E750534007AD729 /* Headers */,
				27CE86A61E750534007AD729 /* Resources */,
			);
			buildRules = (
			);
			dependencies = (
			);
			name = MusicNotationCoreMac;
			productName = MusicNotationCoreMac;
			productReference = 27CE86A81E750534007AD729 /* MusicNotationCoreMac.framework */;
			productType = "com.apple.product-type.framework";
		};
		27CE86C41E75054E007AD729 /* MusicNotationCoreTV */ = {
			isa = PBXNativeTarget;
			buildConfigurationList = 27CE86CA1E75054E007AD729 /* Build configuration list for PBXNativeTarget "MusicNotationCoreTV" */;
			buildPhases = (
				27CE86C01E75054E007AD729 /* Sources */,
				27CE86C11E75054E007AD729 /* Frameworks */,
				27CE86C21E75054E007AD729 /* Headers */,
				27CE86C31E75054E007AD729 /* Resources */,
			);
			buildRules = (
			);
			dependencies = (
			);
			name = MusicNotationCoreTV;
			productName = MusicNotationCoreTV;
			productReference = 27CE86C51E75054E007AD729 /* MusicNotationCoreTV.framework */;
			productType = "com.apple.product-type.framework";
		};
		27CE86D11E75055C007AD729 /* MusicNotationCoreWatch */ = {
			isa = PBXNativeTarget;
			buildConfigurationList = 27CE86D71E75055D007AD729 /* Build configuration list for PBXNativeTarget "MusicNotationCoreWatch" */;
			buildPhases = (
				27CE86CD1E75055C007AD729 /* Sources */,
				27CE86CE1E75055C007AD729 /* Frameworks */,
				27CE86CF1E75055C007AD729 /* Headers */,
				27CE86D01E75055C007AD729 /* Resources */,
			);
			buildRules = (
			);
			dependencies = (
			);
			name = MusicNotationCoreWatch;
			productName = MusicNotationCoreWatch;
			productReference = 27CE86D21E75055C007AD729 /* MusicNotationCoreWatch.framework */;
			productType = "com.apple.product-type.framework";
		};
		27CE86DE1E75056F007AD729 /* MusicNotationCoreiOS */ = {
			isa = PBXNativeTarget;
			buildConfigurationList = 27CE86E41E75056F007AD729 /* Build configuration list for PBXNativeTarget "MusicNotationCoreiOS" */;
			buildPhases = (
				27CE86DA1E75056F007AD729 /* Sources */,
				27CE86DB1E75056F007AD729 /* Frameworks */,
				27CE86DC1E75056F007AD729 /* Headers */,
				27CE86DD1E75056F007AD729 /* Resources */,
			);
			buildRules = (
			);
			dependencies = (
			);
			name = MusicNotationCoreiOS;
			productName = MusicNotationCoreiOS;
			productReference = 27CE86DF1E75056F007AD729 /* MusicNotationCoreiOS.framework */;
			productType = "com.apple.product-type.framework";
		};
		27CE874F1E750607007AD729 /* MusicNotationCoreMacTests */ = {
			isa = PBXNativeTarget;
			buildConfigurationList = 27CE87581E750607007AD729 /* Build configuration list for PBXNativeTarget "MusicNotationCoreMacTests" */;
			buildPhases = (
				27CE874C1E750607007AD729 /* Sources */,
				27CE874D1E750607007AD729 /* Frameworks */,
				27CE874E1E750607007AD729 /* Resources */,
			);
			buildRules = (
			);
			dependencies = (
				27CE87571E750607007AD729 /* PBXTargetDependency */,
			);
			name = MusicNotationCoreMacTests;
			productName = MusicNotationCoreMacTests;
			productReference = 27CE87501E750607007AD729 /* MusicNotationCoreMacTests.xctest */;
			productType = "com.apple.product-type.bundle.unit-test";
		};
/* End PBXNativeTarget section */

/* Begin PBXProject section */
		27CE869D1E75050A007AD729 /* Project object */ = {
			isa = PBXProject;
			attributes = {
				LastSwiftUpdateCheck = 0820;
				LastUpgradeCheck = 1010;
				TargetAttributes = {
					27CE86A71E750534007AD729 = {
						CreatedOnToolsVersion = 8.2.1;
						LastSwiftMigration = 1100;
						ProvisioningStyle = Manual;
					};
					27CE86C41E75054E007AD729 = {
						CreatedOnToolsVersion = 8.2.1;
						LastSwiftMigration = 0820;
						ProvisioningStyle = Manual;
					};
					27CE86D11E75055C007AD729 = {
						CreatedOnToolsVersion = 8.2.1;
						LastSwiftMigration = 0820;
						ProvisioningStyle = Manual;
					};
					27CE86DE1E75056F007AD729 = {
						CreatedOnToolsVersion = 8.2.1;
						LastSwiftMigration = 0820;
						ProvisioningStyle = Manual;
					};
					27CE874F1E750607007AD729 = {
						CreatedOnToolsVersion = 8.2.1;
						DevelopmentTeam = MZZ6S2F4BB;
						LastSwiftMigration = 1100;
						ProvisioningStyle = Automatic;
					};
				};
			};
			buildConfigurationList = 27CE86A01E75050A007AD729 /* Build configuration list for PBXProject "MusicNotationCore" */;
			compatibilityVersion = "Xcode 11.0";
			developmentRegion = en;
			hasScannedForEncodings = 0;
			knownRegions = (
				en,
				Base,
			);
			mainGroup = 27CE869C1E75050A007AD729;
			productRefGroup = 27CE86A91E750534007AD729 /* Products */;
			projectDirPath = "";
			projectRoot = "";
			targets = (
				27CE86A71E750534007AD729 /* MusicNotationCoreMac */,
				27CE86C41E75054E007AD729 /* MusicNotationCoreTV */,
				27CE86D11E75055C007AD729 /* MusicNotationCoreWatch */,
				27CE86DE1E75056F007AD729 /* MusicNotationCoreiOS */,
				27CE874F1E750607007AD729 /* MusicNotationCoreMacTests */,
			);
		};
/* End PBXProject section */

/* Begin PBXResourcesBuildPhase section */
		27CE86A61E750534007AD729 /* Resources */ = {
			isa = PBXResourcesBuildPhase;
			buildActionMask = 2147483647;
			files = (
			);
			runOnlyForDeploymentPostprocessing = 0;
		};
		27CE86C31E75054E007AD729 /* Resources */ = {
			isa = PBXResourcesBuildPhase;
			buildActionMask = 2147483647;
			files = (
			);
			runOnlyForDeploymentPostprocessing = 0;
		};
		27CE86D01E75055C007AD729 /* Resources */ = {
			isa = PBXResourcesBuildPhase;
			buildActionMask = 2147483647;
			files = (
			);
			runOnlyForDeploymentPostprocessing = 0;
		};
		27CE86DD1E75056F007AD729 /* Resources */ = {
			isa = PBXResourcesBuildPhase;
			buildActionMask = 2147483647;
			files = (
			);
			runOnlyForDeploymentPostprocessing = 0;
		};
		27CE874E1E750607007AD729 /* Resources */ = {
			isa = PBXResourcesBuildPhase;
			buildActionMask = 2147483647;
			files = (
			);
			runOnlyForDeploymentPostprocessing = 0;
		};
/* End PBXResourcesBuildPhase section */

/* Begin PBXSourcesBuildPhase section */
		27CE86A31E750534007AD729 /* Sources */ = {
			isa = PBXSourcesBuildPhase;
			buildActionMask = 2147483647;
			files = (
				27CE86FB1E750599007AD729 /* Clef.swift in Sources */,
				27CE87171E750599007AD729 /* MeasureRepeat.swift in Sources */,
				27CE870B1E750599007AD729 /* Key.swift in Sources */,
				27CE87471E750599007AD729 /* Types.swift in Sources */,
				27CE873B1E750599007AD729 /* TimeSignature.swift in Sources */,
				27CE87271E750599007AD729 /* NoteHolder.swift in Sources */,
				27CE87131E750599007AD729 /* MeasureDurationValidator.swift in Sources */,
				27CE870F1E750599007AD729 /* Measure.swift in Sources */,
				27CE87231E750599007AD729 /* NoteDuration.swift in Sources */,
				27CE872B1E750599007AD729 /* RepeatedMeasure.swift in Sources */,
				27CE87431E750599007AD729 /* Tuplet.swift in Sources */,
				27CE871F1E750599007AD729 /* NoteCollection.swift in Sources */,
				27CE871B1E750599007AD729 /* Note.swift in Sources */,
				27CE87331E750599007AD729 /* StaffLocation.swift in Sources */,
				27CE87031E750599007AD729 /* ImmutableMeasure.swift in Sources */,
				27CE87071E750599007AD729 /* Interval.swift in Sources */,
				27CE87371E750599007AD729 /* SwiftHelpers.swift in Sources */,
				27CE873F1E750599007AD729 /* SpelledPitch.swift in Sources */,
				27CE872F1E750599007AD729 /* Staff.swift in Sources */,
				27CE86FF1E750599007AD729 /* Enharmonic.swift in Sources */,
			);
			runOnlyForDeploymentPostprocessing = 0;
		};
		27CE86C01E75054E007AD729 /* Sources */ = {
			isa = PBXSourcesBuildPhase;
			buildActionMask = 2147483647;
			files = (
				27CE86FC1E750599007AD729 /* Clef.swift in Sources */,
				27CE87181E750599007AD729 /* MeasureRepeat.swift in Sources */,
				27CE870C1E750599007AD729 /* Key.swift in Sources */,
				27CE87481E750599007AD729 /* Types.swift in Sources */,
				27CE873C1E750599007AD729 /* TimeSignature.swift in Sources */,
				27CE87281E750599007AD729 /* NoteHolder.swift in Sources */,
				27CE87141E750599007AD729 /* MeasureDurationValidator.swift in Sources */,
				27CE87101E750599007AD729 /* Measure.swift in Sources */,
				27CE87241E750599007AD729 /* NoteDuration.swift in Sources */,
				27CE872C1E750599007AD729 /* RepeatedMeasure.swift in Sources */,
				27CE87441E750599007AD729 /* Tuplet.swift in Sources */,
				27CE87201E750599007AD729 /* NoteCollection.swift in Sources */,
				27CE871C1E750599007AD729 /* Note.swift in Sources */,
				27CE87341E750599007AD729 /* StaffLocation.swift in Sources */,
				27CE87041E750599007AD729 /* ImmutableMeasure.swift in Sources */,
				27CE87081E750599007AD729 /* Interval.swift in Sources */,
				27CE87381E750599007AD729 /* SwiftHelpers.swift in Sources */,
				27CE87401E750599007AD729 /* SpelledPitch.swift in Sources */,
				27CE87301E750599007AD729 /* Staff.swift in Sources */,
				27CE87001E750599007AD729 /* Enharmonic.swift in Sources */,
			);
			runOnlyForDeploymentPostprocessing = 0;
		};
		27CE86CD1E75055C007AD729 /* Sources */ = {
			isa = PBXSourcesBuildPhase;
			buildActionMask = 2147483647;
			files = (
				27CE86FD1E750599007AD729 /* Clef.swift in Sources */,
				27CE87191E750599007AD729 /* MeasureRepeat.swift in Sources */,
				27CE870D1E750599007AD729 /* Key.swift in Sources */,
				27CE87491E750599007AD729 /* Types.swift in Sources */,
				27CE873D1E750599007AD729 /* TimeSignature.swift in Sources */,
				27CE87291E750599007AD729 /* NoteHolder.swift in Sources */,
				27CE87151E750599007AD729 /* MeasureDurationValidator.swift in Sources */,
				27CE87111E750599007AD729 /* Measure.swift in Sources */,
				27CE87251E750599007AD729 /* NoteDuration.swift in Sources */,
				27CE872D1E750599007AD729 /* RepeatedMeasure.swift in Sources */,
				27CE87451E750599007AD729 /* Tuplet.swift in Sources */,
				27CE87211E750599007AD729 /* NoteCollection.swift in Sources */,
				27CE871D1E750599007AD729 /* Note.swift in Sources */,
				27CE87351E750599007AD729 /* StaffLocation.swift in Sources */,
				27CE87051E750599007AD729 /* ImmutableMeasure.swift in Sources */,
				27CE87091E750599007AD729 /* Interval.swift in Sources */,
				27CE87391E750599007AD729 /* SwiftHelpers.swift in Sources */,
				27CE87411E750599007AD729 /* SpelledPitch.swift in Sources */,
				27CE87311E750599007AD729 /* Staff.swift in Sources */,
				27CE87011E750599007AD729 /* Enharmonic.swift in Sources */,
			);
			runOnlyForDeploymentPostprocessing = 0;
		};
		27CE86DA1E75056F007AD729 /* Sources */ = {
			isa = PBXSourcesBuildPhase;
			buildActionMask = 2147483647;
			files = (
				27CE86FE1E750599007AD729 /* Clef.swift in Sources */,
				27CE871A1E750599007AD729 /* MeasureRepeat.swift in Sources */,
				27CE870E1E750599007AD729 /* Key.swift in Sources */,
				27CE874A1E750599007AD729 /* Types.swift in Sources */,
				27CE873E1E750599007AD729 /* TimeSignature.swift in Sources */,
				27CE872A1E750599007AD729 /* NoteHolder.swift in Sources */,
				27CE87161E750599007AD729 /* MeasureDurationValidator.swift in Sources */,
				27CE87121E750599007AD729 /* Measure.swift in Sources */,
				27CE87261E750599007AD729 /* NoteDuration.swift in Sources */,
				27CE872E1E750599007AD729 /* RepeatedMeasure.swift in Sources */,
				27CE87461E750599007AD729 /* Tuplet.swift in Sources */,
				27CE87221E750599007AD729 /* NoteCollection.swift in Sources */,
				27CE871E1E750599007AD729 /* Note.swift in Sources */,
				27CE87361E750599007AD729 /* StaffLocation.swift in Sources */,
				27CE87061E750599007AD729 /* ImmutableMeasure.swift in Sources */,
				27CE870A1E750599007AD729 /* Interval.swift in Sources */,
				27CE873A1E750599007AD729 /* SwiftHelpers.swift in Sources */,
				27CE87421E750599007AD729 /* SpelledPitch.swift in Sources */,
				27CE87321E750599007AD729 /* Staff.swift in Sources */,
				27CE87021E750599007AD729 /* Enharmonic.swift in Sources */,
			);
			runOnlyForDeploymentPostprocessing = 0;
		};
		27CE874C1E750607007AD729 /* Sources */ = {
			isa = PBXSourcesBuildPhase;
			buildActionMask = 2147483647;
			files = (
				27CE876F1E750623007AD729 /* NoteTests.swift in Sources */,
				27CE87531E750607007AD729 /* MusicNotationCoreMacTests.swift in Sources */,
				27CE876E1E750623007AD729 /* NoteDurationTests.swift in Sources */,
				27CE87741E750623007AD729 /* TupletTests.swift in Sources */,
				27CE876A1E750623007AD729 /* KeyTests.swift in Sources */,
				27CE87701E750623007AD729 /* StaffTests.swift in Sources */,
				27CE876D1E750623007AD729 /* MeasureTests.swift in Sources */,
				27CE87681E750623007AD729 /* ClefTests.swift in Sources */,
				27CE87711E750623007AD729 /* SwiftHelpersTests.swift in Sources */,
				27CE876B1E750623007AD729 /* MeasureDurationValidatorTests.swift in Sources */,
				27CE87691E750623007AD729 /* IntervalTests.swift in Sources */,
				27CE876C1E750623007AD729 /* MeasureRepeatTests.swift in Sources */,
				27CE87731E750623007AD729 /* PitchTests.swift in Sources */,
				27CE87721E750623007AD729 /* TestHelpers.swift in Sources */,
			);
			runOnlyForDeploymentPostprocessing = 0;
		};
/* End PBXSourcesBuildPhase section */

/* Begin PBXTargetDependency section */
		27CE87571E750607007AD729 /* PBXTargetDependency */ = {
			isa = PBXTargetDependency;
			target = 27CE86A71E750534007AD729 /* MusicNotationCoreMac */;
			targetProxy = 27CE87561E750607007AD729 /* PBXContainerItemProxy */;
		};
/* End PBXTargetDependency section */

/* Begin XCBuildConfiguration section */
		27CE86A11E75050A007AD729 /* Debug */ = {
			isa = XCBuildConfiguration;
			buildSettings = {
			};
			name = Debug;
		};
		27CE86A21E75050A007AD729 /* Release */ = {
			isa = XCBuildConfiguration;
			buildSettings = {
			};
			name = Release;
		};
		27CE86BB1E750534007AD729 /* Debug */ = {
			isa = XCBuildConfiguration;
			baseConfigurationReference = E23E8B69248DE57000DFF990 /* music-notation-core-macos-debug.xcconfig */;
			buildSettings = {
				VERSION_INFO_PREFIX = "";
			};
			name = Debug;
		};
		27CE86BC1E750534007AD729 /* Release */ = {
			isa = XCBuildConfiguration;
			baseConfigurationReference = E23E8B67248DE57000DFF990 /* music-notation-core-macos-release.xcconfig */;
			buildSettings = {
				VERSION_INFO_PREFIX = "";
			};
			name = Release;
		};
		27CE86CB1E75054E007AD729 /* Debug */ = {
			isa = XCBuildConfiguration;
			baseConfigurationReference = E23E8B6E248DE5A100DFF990 /* music-notation-core-tvos-debug.xcconfig */;
			buildSettings = {
				CODE_SIGN_IDENTITY = "";
				DEVELOPMENT_TEAM = "";
				VERSION_INFO_PREFIX = "";
			};
			name = Debug;
		};
		27CE86CC1E75054E007AD729 /* Release */ = {
			isa = XCBuildConfiguration;
			baseConfigurationReference = E23E8B6C248DE5A100DFF990 /* music-notation-core-tvos-release.xcconfig */;
			buildSettings = {
				CODE_SIGN_IDENTITY = "";
				DEVELOPMENT_TEAM = "";
				VERSION_INFO_PREFIX = "";
			};
			name = Release;
		};
		27CE86D81E75055D007AD729 /* Debug */ = {
			isa = XCBuildConfiguration;
			baseConfigurationReference = E23E8B71248DE5FF00DFF990 /* music-notation-core-watchos-debug.xcconfig */;
			buildSettings = {
				CODE_SIGN_IDENTITY = "";
				DEVELOPMENT_TEAM = "";
				INSTALL_PATH = "";
				ONLY_ACTIVE_ARCH = YES;
				TARGETED_DEVICE_FAMILY = 4;
				VERSION_INFO_PREFIX = "";
			};
			name = Debug;
		};
		27CE86D91E75055D007AD729 /* Release */ = {
			isa = XCBuildConfiguration;
			baseConfigurationReference = E23E8B72248DE5FF00DFF990 /* music-notation-core-watchos-release.xcconfig */;
			buildSettings = {
				CODE_SIGN_IDENTITY = "";
				DEVELOPMENT_TEAM = "";
				INSTALL_PATH = "";
				TARGETED_DEVICE_FAMILY = 4;
				VERSION_INFO_PREFIX = "";
			};
			name = Release;
		};
		27CE86E51E75056F007AD729 /* Debug */ = {
			isa = XCBuildConfiguration;
			baseConfigurationReference = E23E8B6F248DE5A100DFF990 /* music-notation-core-ios-debug.xcconfig */;
			buildSettings = {
				CODE_SIGN_IDENTITY = "";
				DEVELOPMENT_TEAM = "";
				VERSION_INFO_PREFIX = "";
			};
			name = Debug;
		};
		27CE86E61E75056F007AD729 /* Release */ = {
			isa = XCBuildConfiguration;
			baseConfigurationReference = E23E8B6B248DE5A100DFF990 /* music-notation-core-ios-release.xcconfig */;
			buildSettings = {
				CODE_SIGN_IDENTITY = "";
				DEVELOPMENT_TEAM = "";
				VERSION_INFO_PREFIX = "";
			};
			name = Release;
		};
		27CE87591E750607007AD729 /* Debug */ = {
			isa = XCBuildConfiguration;
			baseConfigurationReference = E23E8B68248DE57000DFF990 /* music-notation-core-macos-tests.xcconfig */;
			buildSettings = {
				INFOPLIST_FILE = "";
			};
			name = Debug;
		};
		27CE875A1E750607007AD729 /* Release */ = {
			isa = XCBuildConfiguration;
			baseConfigurationReference = E23E8B68248DE57000DFF990 /* music-notation-core-macos-tests.xcconfig */;
			buildSettings = {
				INFOPLIST_FILE = "";
			};
			name = Release;
		};
/* End XCBuildConfiguration section */

/* Begin XCConfigurationList section */
		27CE86A01E75050A007AD729 /* Build configuration list for PBXProject "MusicNotationCore" */ = {
			isa = XCConfigurationList;
			buildConfigurations = (
				27CE86A11E75050A007AD729 /* Debug */,
				27CE86A21E75050A007AD729 /* Release */,
			);
			defaultConfigurationIsVisible = 0;
			defaultConfigurationName = Release;
		};
		27CE86BA1E750534007AD729 /* Build configuration list for PBXNativeTarget "MusicNotationCoreMac" */ = {
			isa = XCConfigurationList;
			buildConfigurations = (
				27CE86BB1E750534007AD729 /* Debug */,
				27CE86BC1E750534007AD729 /* Release */,
			);
			defaultConfigurationIsVisible = 0;
			defaultConfigurationName = Release;
		};
		27CE86CA1E75054E007AD729 /* Build configuration list for PBXNativeTarget "MusicNotationCoreTV" */ = {
			isa = XCConfigurationList;
			buildConfigurations = (
				27CE86CB1E75054E007AD729 /* Debug */,
				27CE86CC1E75054E007AD729 /* Release */,
			);
			defaultConfigurationIsVisible = 0;
			defaultConfigurationName = Release;
		};
		27CE86D71E75055D007AD729 /* Build configuration list for PBXNativeTarget "MusicNotationCoreWatch" */ = {
			isa = XCConfigurationList;
			buildConfigurations = (
				27CE86D81E75055D007AD729 /* Debug */,
				27CE86D91E75055D007AD729 /* Release */,
			);
			defaultConfigurationIsVisible = 0;
			defaultConfigurationName = Release;
		};
		27CE86E41E75056F007AD729 /* Build configuration list for PBXNativeTarget "MusicNotationCoreiOS" */ = {
			isa = XCConfigurationList;
			buildConfigurations = (
				27CE86E51E75056F007AD729 /* Debug */,
				27CE86E61E75056F007AD729 /* Release */,
			);
			defaultConfigurationIsVisible = 0;
			defaultConfigurationName = Release;
		};
		27CE87581E750607007AD729 /* Build configuration list for PBXNativeTarget "MusicNotationCoreMacTests" */ = {
			isa = XCConfigurationList;
			buildConfigurations = (
				27CE87591E750607007AD729 /* Debug */,
				27CE875A1E750607007AD729 /* Release */,
			);
			defaultConfigurationIsVisible = 0;
			defaultConfigurationName = Release;
		};
/* End XCConfigurationList section */
	};
	rootObject = 27CE869D1E75050A007AD729 /* Project object */;
}
